// !$*UTF8*$!
{
	archiveVersion = 1;
	classes = {
	};
	objectVersion = 51;
	objects = {

/* Begin PBXBuildFile section */
		0674B521744153A580973A91 /* Pods_test_bankapp_ios_endcom_test_bankapp_ios_endcomUITests.framework in Frameworks */ = {isa = PBXBuildFile; fileRef = AA89B806ACF19A7CF1279218 /* Pods_test_bankapp_ios_endcom_test_bankapp_ios_endcomUITests.framework */; };
		521AB09D270957E000269FA4 /* Balances.swift in Sources */ = {isa = PBXBuildFile; fileRef = 521AB09C270957E000269FA4 /* Balances.swift */; };
		521AB09F27095B2400269FA4 /* Cards.swift in Sources */ = {isa = PBXBuildFile; fileRef = 521AB09E27095B2400269FA4 /* Cards.swift */; };
		521AB0A127095CFF00269FA4 /* Movements.swift in Sources */ = {isa = PBXBuildFile; fileRef = 521AB0A027095CFF00269FA4 /* Movements.swift */; };
		521AB0A327098C2F00269FA4 /* Int+currencyFormating.swift in Sources */ = {isa = PBXBuildFile; fileRef = 521AB0A227098C2F00269FA4 /* Int+currencyFormating.swift */; };
		521AB0A527098E6400269FA4 /* String+CardFormatter.swift in Sources */ = {isa = PBXBuildFile; fileRef = 521AB0A427098E6400269FA4 /* String+CardFormatter.swift */; };
		525DB71127082B3400E745DC /* AppDelegate.swift in Sources */ = {isa = PBXBuildFile; fileRef = 525DB71027082B3400E745DC /* AppDelegate.swift */; };
		525DB71327082B3400E745DC /* SceneDelegate.swift in Sources */ = {isa = PBXBuildFile; fileRef = 525DB71227082B3400E745DC /* SceneDelegate.swift */; };
		525DB71827082B3400E745DC /* Main.storyboard in Resources */ = {isa = PBXBuildFile; fileRef = 525DB71627082B3400E745DC /* Main.storyboard */; };
		525DB71A27082B3500E745DC /* Assets.xcassets in Resources */ = {isa = PBXBuildFile; fileRef = 525DB71927082B3500E745DC /* Assets.xcassets */; };
		525DB71D27082B3500E745DC /* LaunchScreen.storyboard in Resources */ = {isa = PBXBuildFile; fileRef = 525DB71B27082B3500E745DC /* LaunchScreen.storyboard */; };
		525DB72827082B3500E745DC /* test_bankapp_ios_endcomTests.swift in Sources */ = {isa = PBXBuildFile; fileRef = 525DB72727082B3500E745DC /* test_bankapp_ios_endcomTests.swift */; };
		525DB73327082B3500E745DC /* test_bankapp_ios_endcomUITests.swift in Sources */ = {isa = PBXBuildFile; fileRef = 525DB73227082B3500E745DC /* test_bankapp_ios_endcomUITests.swift */; };
		525DB74327082B6800E745DC /* HomeViewController.swift in Sources */ = {isa = PBXBuildFile; fileRef = 525DB74227082B6800E745DC /* HomeViewController.swift */; };
		525DB746270834A400E745DC /* AttributeButton.swift in Sources */ = {isa = PBXBuildFile; fileRef = 525DB745270834A400E745DC /* AttributeButton.swift */; };
		525DB74B2708367100E745DC /* Roboto-Bold.ttf in Resources */ = {isa = PBXBuildFile; fileRef = 525DB7492708366C00E745DC /* Roboto-Bold.ttf */; };
		525DB74C2708367500E745DC /* Roboto-Medium.ttf in Resources */ = {isa = PBXBuildFile; fileRef = 525DB74A2708366C00E745DC /* Roboto-Medium.ttf */; };
		525DB74D2708367800E745DC /* Roboto-Regular.ttf in Resources */ = {isa = PBXBuildFile; fileRef = 525DB7482708366C00E745DC /* Roboto-Regular.ttf */; };
		525DB751270836C000E745DC /* UIFont+appFonts.swift in Sources */ = {isa = PBXBuildFile; fileRef = 525DB750270836C000E745DC /* UIFont+appFonts.swift */; };
		525DB7532708396900E745DC /* UIColor+appColors.swift in Sources */ = {isa = PBXBuildFile; fileRef = 525DB7522708396900E745DC /* UIColor+appColors.swift */; };
		525DB75627083E4A00E745DC /* HeaderViewNavItem.swift in Sources */ = {isa = PBXBuildFile; fileRef = 525DB75527083E4A00E745DC /* HeaderViewNavItem.swift */; };
		525DB75B2708419800E745DC /* UserInfoTableViewCell.swift in Sources */ = {isa = PBXBuildFile; fileRef = 525DB75A2708419800E745DC /* UserInfoTableViewCell.swift */; };
		525DB75D2708438200E745DC /* BoldLabel.swift in Sources */ = {isa = PBXBuildFile; fileRef = 525DB75C2708438200E745DC /* BoldLabel.swift */; };
		525DB75F270847D900E745DC /* SectionTitleTableViewCell.swift in Sources */ = {isa = PBXBuildFile; fileRef = 525DB75E270847D900E745DC /* SectionTitleTableViewCell.swift */; };
		525DB76127084BAF00E745DC /* AccountsTableViewCell.swift in Sources */ = {isa = PBXBuildFile; fileRef = 525DB76027084BAF00E745DC /* AccountsTableViewCell.swift */; };
		525DB76427084DC600E745DC /* AccountCollectionViewCell.swift in Sources */ = {isa = PBXBuildFile; fileRef = 525DB76327084DC600E745DC /* AccountCollectionViewCell.swift */; };
		525DB76A2708575400E745DC /* CardTableViewCell.swift in Sources */ = {isa = PBXBuildFile; fileRef = 525DB7692708575400E745DC /* CardTableViewCell.swift */; };
		525DB76C2708587100E745DC /* CardOfAccountImageView.swift in Sources */ = {isa = PBXBuildFile; fileRef = 525DB76B2708587100E745DC /* CardOfAccountImageView.swift */; };
		52F9673C2708BB6800A25360 /* MovementsTableViewCell.swift in Sources */ = {isa = PBXBuildFile; fileRef = 52F9673B2708BB6800A25360 /* MovementsTableViewCell.swift */; };
		52FF52BC27091E8100DF6235 /* FormTextField.swift in Sources */ = {isa = PBXBuildFile; fileRef = 52FF52BB27091E8100DF6235 /* FormTextField.swift */; };
		52FF52BF270924F600DF6235 /* FormNewCardViewController.swift in Sources */ = {isa = PBXBuildFile; fileRef = 52FF52BE270924F600DF6235 /* FormNewCardViewController.swift */; };
		52FF52C227094F8F00DF6235 /* Endpoint.swift in Sources */ = {isa = PBXBuildFile; fileRef = 52FF52C127094F8F00DF6235 /* Endpoint.swift */; };
		52FF52C4270950C800DF6235 /* NetworkManager.swift in Sources */ = {isa = PBXBuildFile; fileRef = 52FF52C3270950C800DF6235 /* NetworkManager.swift */; };
		52FF52C72709538400DF6235 /* Account.swift in Sources */ = {isa = PBXBuildFile; fileRef = 52FF52C62709538400DF6235 /* Account.swift */; };
		739547D0827BC94A7085E22B /* Pods_test_bankapp_ios_endcomTests.framework in Frameworks */ = {isa = PBXBuildFile; fileRef = C25035876E50277399620327 /* Pods_test_bankapp_ios_endcomTests.framework */; };
		88613903CA270F68DE240FB7 /* Pods_test_bankapp_ios_endcom.framework in Frameworks */ = {isa = PBXBuildFile; fileRef = A46497CD0D07AA4F3B59E6A4 /* Pods_test_bankapp_ios_endcom.framework */; };
/* End PBXBuildFile section */

/* Begin PBXContainerItemProxy section */
		525DB72427082B3500E745DC /* PBXContainerItemProxy */ = {
			isa = PBXContainerItemProxy;
			containerPortal = 525DB70527082B3400E745DC /* Project object */;
			proxyType = 1;
			remoteGlobalIDString = 525DB70C27082B3400E745DC;
			remoteInfo = "test-bankapp-ios-endcom";
		};
		525DB72F27082B3500E745DC /* PBXContainerItemProxy */ = {
			isa = PBXContainerItemProxy;
			containerPortal = 525DB70527082B3400E745DC /* Project object */;
			proxyType = 1;
			remoteGlobalIDString = 525DB70C27082B3400E745DC;
			remoteInfo = "test-bankapp-ios-endcom";
		};
/* End PBXContainerItemProxy section */

/* Begin PBXFileReference section */
		023E3B7F938CF9506E4E3839 /* Pods-test-bankapp-ios-endcom-test-bankapp-ios-endcomUITests.debug.xcconfig */ = {isa = PBXFileReference; includeInIndex = 1; lastKnownFileType = text.xcconfig; name = "Pods-test-bankapp-ios-endcom-test-bankapp-ios-endcomUITests.debug.xcconfig"; path = "Target Support Files/Pods-test-bankapp-ios-endcom-test-bankapp-ios-endcomUITests/Pods-test-bankapp-ios-endcom-test-bankapp-ios-endcomUITests.debug.xcconfig"; sourceTree = "<group>"; };
		1F7BE19A50ADEC25AF242A5D /* Pods-test-bankapp-ios-endcom-test-bankapp-ios-endcomUITests.release.xcconfig */ = {isa = PBXFileReference; includeInIndex = 1; lastKnownFileType = text.xcconfig; name = "Pods-test-bankapp-ios-endcom-test-bankapp-ios-endcomUITests.release.xcconfig"; path = "Target Support Files/Pods-test-bankapp-ios-endcom-test-bankapp-ios-endcomUITests/Pods-test-bankapp-ios-endcom-test-bankapp-ios-endcomUITests.release.xcconfig"; sourceTree = "<group>"; };
		521AB09C270957E000269FA4 /* Balances.swift */ = {isa = PBXFileReference; lastKnownFileType = sourcecode.swift; path = Balances.swift; sourceTree = "<group>"; };
		521AB09E27095B2400269FA4 /* Cards.swift */ = {isa = PBXFileReference; lastKnownFileType = sourcecode.swift; path = Cards.swift; sourceTree = "<group>"; };
		521AB0A027095CFF00269FA4 /* Movements.swift */ = {isa = PBXFileReference; lastKnownFileType = sourcecode.swift; path = Movements.swift; sourceTree = "<group>"; };
		521AB0A227098C2F00269FA4 /* Int+currencyFormating.swift */ = {isa = PBXFileReference; lastKnownFileType = sourcecode.swift; path = "Int+currencyFormating.swift"; sourceTree = "<group>"; };
		521AB0A427098E6400269FA4 /* String+CardFormatter.swift */ = {isa = PBXFileReference; lastKnownFileType = sourcecode.swift; path = "String+CardFormatter.swift"; sourceTree = "<group>"; };
		525DB70D27082B3400E745DC /* test-bankapp-ios-endcom.app */ = {isa = PBXFileReference; explicitFileType = wrapper.application; includeInIndex = 0; path = "test-bankapp-ios-endcom.app"; sourceTree = BUILT_PRODUCTS_DIR; };
		525DB71027082B3400E745DC /* AppDelegate.swift */ = {isa = PBXFileReference; lastKnownFileType = sourcecode.swift; path = AppDelegate.swift; sourceTree = "<group>"; };
		525DB71227082B3400E745DC /* SceneDelegate.swift */ = {isa = PBXFileReference; lastKnownFileType = sourcecode.swift; path = SceneDelegate.swift; sourceTree = "<group>"; };
		525DB71727082B3400E745DC /* Base */ = {isa = PBXFileReference; lastKnownFileType = file.storyboard; name = Base; path = Base.lproj/Main.storyboard; sourceTree = "<group>"; };
		525DB71927082B3500E745DC /* Assets.xcassets */ = {isa = PBXFileReference; lastKnownFileType = folder.assetcatalog; path = Assets.xcassets; sourceTree = "<group>"; };
		525DB71C27082B3500E745DC /* Base */ = {isa = PBXFileReference; lastKnownFileType = file.storyboard; name = Base; path = Base.lproj/LaunchScreen.storyboard; sourceTree = "<group>"; };
		525DB71E27082B3500E745DC /* Info.plist */ = {isa = PBXFileReference; lastKnownFileType = text.plist.xml; path = Info.plist; sourceTree = "<group>"; };
		525DB72327082B3500E745DC /* test-bankapp-ios-endcomTests.xctest */ = {isa = PBXFileReference; explicitFileType = wrapper.cfbundle; includeInIndex = 0; path = "test-bankapp-ios-endcomTests.xctest"; sourceTree = BUILT_PRODUCTS_DIR; };
		525DB72727082B3500E745DC /* test_bankapp_ios_endcomTests.swift */ = {isa = PBXFileReference; lastKnownFileType = sourcecode.swift; path = test_bankapp_ios_endcomTests.swift; sourceTree = "<group>"; };
		525DB72927082B3500E745DC /* Info.plist */ = {isa = PBXFileReference; lastKnownFileType = text.plist.xml; path = Info.plist; sourceTree = "<group>"; };
		525DB72E27082B3500E745DC /* test-bankapp-ios-endcomUITests.xctest */ = {isa = PBXFileReference; explicitFileType = wrapper.cfbundle; includeInIndex = 0; path = "test-bankapp-ios-endcomUITests.xctest"; sourceTree = BUILT_PRODUCTS_DIR; };
		525DB73227082B3500E745DC /* test_bankapp_ios_endcomUITests.swift */ = {isa = PBXFileReference; lastKnownFileType = sourcecode.swift; path = test_bankapp_ios_endcomUITests.swift; sourceTree = "<group>"; };
		525DB73427082B3500E745DC /* Info.plist */ = {isa = PBXFileReference; lastKnownFileType = text.plist.xml; path = Info.plist; sourceTree = "<group>"; };
		525DB74227082B6800E745DC /* HomeViewController.swift */ = {isa = PBXFileReference; lastKnownFileType = sourcecode.swift; path = HomeViewController.swift; sourceTree = "<group>"; };
		525DB745270834A400E745DC /* AttributeButton.swift */ = {isa = PBXFileReference; lastKnownFileType = sourcecode.swift; path = AttributeButton.swift; sourceTree = "<group>"; };
		525DB7482708366C00E745DC /* Roboto-Regular.ttf */ = {isa = PBXFileReference; lastKnownFileType = file; path = "Roboto-Regular.ttf"; sourceTree = "<group>"; };
		525DB7492708366C00E745DC /* Roboto-Bold.ttf */ = {isa = PBXFileReference; lastKnownFileType = file; path = "Roboto-Bold.ttf"; sourceTree = "<group>"; };
		525DB74A2708366C00E745DC /* Roboto-Medium.ttf */ = {isa = PBXFileReference; lastKnownFileType = file; path = "Roboto-Medium.ttf"; sourceTree = "<group>"; };
		525DB750270836C000E745DC /* UIFont+appFonts.swift */ = {isa = PBXFileReference; lastKnownFileType = sourcecode.swift; path = "UIFont+appFonts.swift"; sourceTree = "<group>"; };
		525DB7522708396900E745DC /* UIColor+appColors.swift */ = {isa = PBXFileReference; lastKnownFileType = sourcecode.swift; path = "UIColor+appColors.swift"; sourceTree = "<group>"; };
		525DB75527083E4A00E745DC /* HeaderViewNavItem.swift */ = {isa = PBXFileReference; lastKnownFileType = sourcecode.swift; path = HeaderViewNavItem.swift; sourceTree = "<group>"; };
		525DB75A2708419800E745DC /* UserInfoTableViewCell.swift */ = {isa = PBXFileReference; lastKnownFileType = sourcecode.swift; path = UserInfoTableViewCell.swift; sourceTree = "<group>"; };
		525DB75C2708438200E745DC /* BoldLabel.swift */ = {isa = PBXFileReference; lastKnownFileType = sourcecode.swift; path = BoldLabel.swift; sourceTree = "<group>"; };
		525DB75E270847D900E745DC /* SectionTitleTableViewCell.swift */ = {isa = PBXFileReference; lastKnownFileType = sourcecode.swift; path = SectionTitleTableViewCell.swift; sourceTree = "<group>"; };
		525DB76027084BAF00E745DC /* AccountsTableViewCell.swift */ = {isa = PBXFileReference; lastKnownFileType = sourcecode.swift; path = AccountsTableViewCell.swift; sourceTree = "<group>"; };
		525DB76327084DC600E745DC /* AccountCollectionViewCell.swift */ = {isa = PBXFileReference; lastKnownFileType = sourcecode.swift; path = AccountCollectionViewCell.swift; sourceTree = "<group>"; };
		525DB7692708575400E745DC /* CardTableViewCell.swift */ = {isa = PBXFileReference; lastKnownFileType = sourcecode.swift; path = CardTableViewCell.swift; sourceTree = "<group>"; };
		525DB76B2708587100E745DC /* CardOfAccountImageView.swift */ = {isa = PBXFileReference; lastKnownFileType = sourcecode.swift; path = CardOfAccountImageView.swift; sourceTree = "<group>"; };
		52F9673B2708BB6800A25360 /* MovementsTableViewCell.swift */ = {isa = PBXFileReference; lastKnownFileType = sourcecode.swift; path = MovementsTableViewCell.swift; sourceTree = "<group>"; };
		52FF52BB27091E8100DF6235 /* FormTextField.swift */ = {isa = PBXFileReference; lastKnownFileType = sourcecode.swift; path = FormTextField.swift; sourceTree = "<group>"; };
		52FF52BE270924F600DF6235 /* FormNewCardViewController.swift */ = {isa = PBXFileReference; lastKnownFileType = sourcecode.swift; path = FormNewCardViewController.swift; sourceTree = "<group>"; };
		52FF52C127094F8F00DF6235 /* Endpoint.swift */ = {isa = PBXFileReference; lastKnownFileType = sourcecode.swift; path = Endpoint.swift; sourceTree = "<group>"; };
		52FF52C3270950C800DF6235 /* NetworkManager.swift */ = {isa = PBXFileReference; lastKnownFileType = sourcecode.swift; path = NetworkManager.swift; sourceTree = "<group>"; };
		52FF52C62709538400DF6235 /* Account.swift */ = {isa = PBXFileReference; lastKnownFileType = sourcecode.swift; path = Account.swift; sourceTree = "<group>"; };
		7A0D739E577364F9B445DDF6 /* Pods-test-bankapp-ios-endcomTests.debug.xcconfig */ = {isa = PBXFileReference; includeInIndex = 1; lastKnownFileType = text.xcconfig; name = "Pods-test-bankapp-ios-endcomTests.debug.xcconfig"; path = "Target Support Files/Pods-test-bankapp-ios-endcomTests/Pods-test-bankapp-ios-endcomTests.debug.xcconfig"; sourceTree = "<group>"; };
		A46497CD0D07AA4F3B59E6A4 /* Pods_test_bankapp_ios_endcom.framework */ = {isa = PBXFileReference; explicitFileType = wrapper.framework; includeInIndex = 0; path = Pods_test_bankapp_ios_endcom.framework; sourceTree = BUILT_PRODUCTS_DIR; };
		AA89B806ACF19A7CF1279218 /* Pods_test_bankapp_ios_endcom_test_bankapp_ios_endcomUITests.framework */ = {isa = PBXFileReference; explicitFileType = wrapper.framework; includeInIndex = 0; path = Pods_test_bankapp_ios_endcom_test_bankapp_ios_endcomUITests.framework; sourceTree = BUILT_PRODUCTS_DIR; };
		BBA6F4660B3B69772DD9EC28 /* Pods-test-bankapp-ios-endcom.debug.xcconfig */ = {isa = PBXFileReference; includeInIndex = 1; lastKnownFileType = text.xcconfig; name = "Pods-test-bankapp-ios-endcom.debug.xcconfig"; path = "Target Support Files/Pods-test-bankapp-ios-endcom/Pods-test-bankapp-ios-endcom.debug.xcconfig"; sourceTree = "<group>"; };
		C25035876E50277399620327 /* Pods_test_bankapp_ios_endcomTests.framework */ = {isa = PBXFileReference; explicitFileType = wrapper.framework; includeInIndex = 0; path = Pods_test_bankapp_ios_endcomTests.framework; sourceTree = BUILT_PRODUCTS_DIR; };
		D3A0DF0FCB86F0EF22B42969 /* Pods-test-bankapp-ios-endcom.release.xcconfig */ = {isa = PBXFileReference; includeInIndex = 1; lastKnownFileType = text.xcconfig; name = "Pods-test-bankapp-ios-endcom.release.xcconfig"; path = "Target Support Files/Pods-test-bankapp-ios-endcom/Pods-test-bankapp-ios-endcom.release.xcconfig"; sourceTree = "<group>"; };
		FBAE5F476C741B2B90E3047C /* Pods-test-bankapp-ios-endcomTests.release.xcconfig */ = {isa = PBXFileReference; includeInIndex = 1; lastKnownFileType = text.xcconfig; name = "Pods-test-bankapp-ios-endcomTests.release.xcconfig"; path = "Target Support Files/Pods-test-bankapp-ios-endcomTests/Pods-test-bankapp-ios-endcomTests.release.xcconfig"; sourceTree = "<group>"; };
/* End PBXFileReference section */

/* Begin PBXFrameworksBuildPhase section */
		525DB70A27082B3400E745DC /* Frameworks */ = {
			isa = PBXFrameworksBuildPhase;
			buildActionMask = 2147483647;
			files = (
				88613903CA270F68DE240FB7 /* Pods_test_bankapp_ios_endcom.framework in Frameworks */,
			);
			runOnlyForDeploymentPostprocessing = 0;
		};
		525DB72027082B3500E745DC /* Frameworks */ = {
			isa = PBXFrameworksBuildPhase;
			buildActionMask = 2147483647;
			files = (
				739547D0827BC94A7085E22B /* Pods_test_bankapp_ios_endcomTests.framework in Frameworks */,
			);
			runOnlyForDeploymentPostprocessing = 0;
		};
		525DB72B27082B3500E745DC /* Frameworks */ = {
			isa = PBXFrameworksBuildPhase;
			buildActionMask = 2147483647;
			files = (
				0674B521744153A580973A91 /* Pods_test_bankapp_ios_endcom_test_bankapp_ios_endcomUITests.framework in Frameworks */,
			);
			runOnlyForDeploymentPostprocessing = 0;
		};
/* End PBXFrameworksBuildPhase section */

/* Begin PBXGroup section */
		40720677D8737518B09CA422 /* Pods */ = {
			isa = PBXGroup;
			children = (
				BBA6F4660B3B69772DD9EC28 /* Pods-test-bankapp-ios-endcom.debug.xcconfig */,
				D3A0DF0FCB86F0EF22B42969 /* Pods-test-bankapp-ios-endcom.release.xcconfig */,
				023E3B7F938CF9506E4E3839 /* Pods-test-bankapp-ios-endcom-test-bankapp-ios-endcomUITests.debug.xcconfig */,
				1F7BE19A50ADEC25AF242A5D /* Pods-test-bankapp-ios-endcom-test-bankapp-ios-endcomUITests.release.xcconfig */,
				7A0D739E577364F9B445DDF6 /* Pods-test-bankapp-ios-endcomTests.debug.xcconfig */,
				FBAE5F476C741B2B90E3047C /* Pods-test-bankapp-ios-endcomTests.release.xcconfig */,
			);
			path = Pods;
			sourceTree = "<group>";
		};
		525DB70427082B3400E745DC = {
			isa = PBXGroup;
			children = (
				525DB70F27082B3400E745DC /* test-bankapp-ios-endcom */,
				525DB72627082B3500E745DC /* test-bankapp-ios-endcomTests */,
				525DB73127082B3500E745DC /* test-bankapp-ios-endcomUITests */,
				525DB70E27082B3400E745DC /* Products */,
				40720677D8737518B09CA422 /* Pods */,
				82B3055E5D8E1AFF1E5DCB54 /* Frameworks */,
			);
			sourceTree = "<group>";
		};
		525DB70E27082B3400E745DC /* Products */ = {
			isa = PBXGroup;
			children = (
				525DB70D27082B3400E745DC /* test-bankapp-ios-endcom.app */,
				525DB72327082B3500E745DC /* test-bankapp-ios-endcomTests.xctest */,
				525DB72E27082B3500E745DC /* test-bankapp-ios-endcomUITests.xctest */,
			);
			name = Products;
			sourceTree = "<group>";
		};
		525DB70F27082B3400E745DC /* test-bankapp-ios-endcom */ = {
			isa = PBXGroup;
			children = (
				52FF52C027094C4200DF6235 /* Network */,
				525DB744270831F100E745DC /* Common */,
				525DB74E2708369D00E745DC /* Components */,
				525DB7582708412800E745DC /* UI */,
				525DB71027082B3400E745DC /* AppDelegate.swift */,
				525DB71227082B3400E745DC /* SceneDelegate.swift */,
				525DB71627082B3400E745DC /* Main.storyboard */,
				525DB71927082B3500E745DC /* Assets.xcassets */,
				525DB71B27082B3500E745DC /* LaunchScreen.storyboard */,
				525DB71E27082B3500E745DC /* Info.plist */,
			);
			path = "test-bankapp-ios-endcom";
			sourceTree = "<group>";
		};
		525DB72627082B3500E745DC /* test-bankapp-ios-endcomTests */ = {
			isa = PBXGroup;
			children = (
				525DB72727082B3500E745DC /* test_bankapp_ios_endcomTests.swift */,
				525DB72927082B3500E745DC /* Info.plist */,
			);
			path = "test-bankapp-ios-endcomTests";
			sourceTree = "<group>";
		};
		525DB73127082B3500E745DC /* test-bankapp-ios-endcomUITests */ = {
			isa = PBXGroup;
			children = (
				525DB73227082B3500E745DC /* test_bankapp_ios_endcomUITests.swift */,
				525DB73427082B3500E745DC /* Info.plist */,
			);
			path = "test-bankapp-ios-endcomUITests";
			sourceTree = "<group>";
		};
		525DB74127082B5800E745DC /* Home */ = {
			isa = PBXGroup;
			children = (
				525DB74227082B6800E745DC /* HomeViewController.swift */,
			);
			path = Home;
			sourceTree = "<group>";
		};
		525DB744270831F100E745DC /* Common */ = {
			isa = PBXGroup;
			children = (
				525DB745270834A400E745DC /* AttributeButton.swift */,
				525DB75527083E4A00E745DC /* HeaderViewNavItem.swift */,
				525DB75C2708438200E745DC /* BoldLabel.swift */,
				525DB76B2708587100E745DC /* CardOfAccountImageView.swift */,
				52FF52BB27091E8100DF6235 /* FormTextField.swift */,
			);
			path = Common;
			sourceTree = "<group>";
		};
		525DB747270835BA00E745DC /* Font */ = {
			isa = PBXGroup;
			children = (
				525DB7492708366C00E745DC /* Roboto-Bold.ttf */,
				525DB74A2708366C00E745DC /* Roboto-Medium.ttf */,
				525DB7482708366C00E745DC /* Roboto-Regular.ttf */,
			);
			path = Font;
			sourceTree = "<group>";
		};
		525DB74E2708369D00E745DC /* Components */ = {
			isa = PBXGroup;
			children = (
				525DB74F270836AD00E745DC /* Extensions */,
				525DB747270835BA00E745DC /* Font */,
			);
			path = Components;
			sourceTree = "<group>";
		};
		525DB74F270836AD00E745DC /* Extensions */ = {
			isa = PBXGroup;
			children = (
				525DB750270836C000E745DC /* UIFont+appFonts.swift */,
				525DB7522708396900E745DC /* UIColor+appColors.swift */,
				521AB0A227098C2F00269FA4 /* Int+currencyFormating.swift */,
				521AB0A427098E6400269FA4 /* String+CardFormatter.swift */,
			);
			path = Extensions;
			sourceTree = "<group>";
		};
		525DB7582708412800E745DC /* UI */ = {
			isa = PBXGroup;
			children = (
				525DB7592708417F00E745DC /* TableViewCells */,
				525DB74127082B5800E745DC /* Home */,
				52FF52BD270924E000DF6235 /* Form */,
			);
			path = UI;
			sourceTree = "<group>";
		};
		525DB7592708417F00E745DC /* TableViewCells */ = {
			isa = PBXGroup;
			children = (
				525DB76527084DDB00E745DC /* User */,
				525DB76627084DE300E745DC /* SectionTitle */,
				525DB76727084DF000E745DC /* Account */,
				525DB7682708573800E745DC /* Card */,
				52F9673A2708BB4700A25360 /* Movements */,
			);
			path = TableViewCells;
			sourceTree = "<group>";
		};
		525DB76227084DAA00E745DC /* AccountCollectionViewCell */ = {
			isa = PBXGroup;
			children = (
				525DB76327084DC600E745DC /* AccountCollectionViewCell.swift */,
			);
			path = AccountCollectionViewCell;
			sourceTree = "<group>";
		};
		525DB76527084DDB00E745DC /* User */ = {
			isa = PBXGroup;
			children = (
				525DB75A2708419800E745DC /* UserInfoTableViewCell.swift */,
			);
			path = User;
			sourceTree = "<group>";
		};
		525DB76627084DE300E745DC /* SectionTitle */ = {
			isa = PBXGroup;
			children = (
				525DB75E270847D900E745DC /* SectionTitleTableViewCell.swift */,
			);
			path = SectionTitle;
			sourceTree = "<group>";
		};
		525DB76727084DF000E745DC /* Account */ = {
			isa = PBXGroup;
			children = (
				525DB76027084BAF00E745DC /* AccountsTableViewCell.swift */,
				525DB76227084DAA00E745DC /* AccountCollectionViewCell */,
			);
			path = Account;
			sourceTree = "<group>";
		};
		525DB7682708573800E745DC /* Card */ = {
			isa = PBXGroup;
			children = (
				525DB7692708575400E745DC /* CardTableViewCell.swift */,
			);
			path = Card;
			sourceTree = "<group>";
		};
		52F9673A2708BB4700A25360 /* Movements */ = {
			isa = PBXGroup;
			children = (
				52F9673B2708BB6800A25360 /* MovementsTableViewCell.swift */,
			);
			path = Movements;
			sourceTree = "<group>";
		};
		52FF52BD270924E000DF6235 /* Form */ = {
			isa = PBXGroup;
			children = (
				52FF52BE270924F600DF6235 /* FormNewCardViewController.swift */,
			);
			path = Form;
			sourceTree = "<group>";
		};
		52FF52C027094C4200DF6235 /* Network */ = {
			isa = PBXGroup;
			children = (
				52FF52C52709536800DF6235 /* Objects */,
				52FF52C127094F8F00DF6235 /* Endpoint.swift */,
				52FF52C3270950C800DF6235 /* NetworkManager.swift */,
			);
			path = Network;
			sourceTree = "<group>";
		};
		52FF52C52709536800DF6235 /* Objects */ = {
			isa = PBXGroup;
			children = (
				52FF52C62709538400DF6235 /* Account.swift */,
				521AB09C270957E000269FA4 /* Balances.swift */,
				521AB09E27095B2400269FA4 /* Cards.swift */,
				521AB0A027095CFF00269FA4 /* Movements.swift */,
			);
			path = Objects;
			sourceTree = "<group>";
		};
		82B3055E5D8E1AFF1E5DCB54 /* Frameworks */ = {
			isa = PBXGroup;
			children = (
				A46497CD0D07AA4F3B59E6A4 /* Pods_test_bankapp_ios_endcom.framework */,
				AA89B806ACF19A7CF1279218 /* Pods_test_bankapp_ios_endcom_test_bankapp_ios_endcomUITests.framework */,
				C25035876E50277399620327 /* Pods_test_bankapp_ios_endcomTests.framework */,
			);
			name = Frameworks;
			sourceTree = "<group>";
		};
/* End PBXGroup section */

/* Begin PBXNativeTarget section */
		525DB70C27082B3400E745DC /* test-bankapp-ios-endcom */ = {
			isa = PBXNativeTarget;
			buildConfigurationList = 525DB73727082B3500E745DC /* Build configuration list for PBXNativeTarget "test-bankapp-ios-endcom" */;
			buildPhases = (
				0281DE342DCB90314C3BE53C /* [CP] Check Pods Manifest.lock */,
				525DB70927082B3400E745DC /* Sources */,
				525DB70A27082B3400E745DC /* Frameworks */,
				525DB70B27082B3400E745DC /* Resources */,
				94ED49F5B2DD265F1FB6911E /* [CP] Embed Pods Frameworks */,
			);
			buildRules = (
			);
			dependencies = (
			);
			name = "test-bankapp-ios-endcom";
			productName = "test-bankapp-ios-endcom";
			productReference = 525DB70D27082B3400E745DC /* test-bankapp-ios-endcom.app */;
			productType = "com.apple.product-type.application";
		};
		525DB72227082B3500E745DC /* test-bankapp-ios-endcomTests */ = {
			isa = PBXNativeTarget;
			buildConfigurationList = 525DB73A27082B3500E745DC /* Build configuration list for PBXNativeTarget "test-bankapp-ios-endcomTests" */;
			buildPhases = (
				8A31B611496AE114C0A3454B /* [CP] Check Pods Manifest.lock */,
				525DB71F27082B3500E745DC /* Sources */,
				525DB72027082B3500E745DC /* Frameworks */,
				525DB72127082B3500E745DC /* Resources */,
			);
			buildRules = (
			);
			dependencies = (
				525DB72527082B3500E745DC /* PBXTargetDependency */,
			);
			name = "test-bankapp-ios-endcomTests";
			productName = "test-bankapp-ios-endcomTests";
			productReference = 525DB72327082B3500E745DC /* test-bankapp-ios-endcomTests.xctest */;
			productType = "com.apple.product-type.bundle.unit-test";
		};
		525DB72D27082B3500E745DC /* test-bankapp-ios-endcomUITests */ = {
			isa = PBXNativeTarget;
			buildConfigurationList = 525DB73D27082B3500E745DC /* Build configuration list for PBXNativeTarget "test-bankapp-ios-endcomUITests" */;
			buildPhases = (
				905B9E6EAA6CFEFDEB5647E5 /* [CP] Check Pods Manifest.lock */,
				525DB72A27082B3500E745DC /* Sources */,
				525DB72B27082B3500E745DC /* Frameworks */,
				525DB72C27082B3500E745DC /* Resources */,
				F6FB3BE944A9AB721ADDBBB8 /* [CP] Embed Pods Frameworks */,
			);
			buildRules = (
			);
			dependencies = (
				525DB73027082B3500E745DC /* PBXTargetDependency */,
			);
			name = "test-bankapp-ios-endcomUITests";
			productName = "test-bankapp-ios-endcomUITests";
			productReference = 525DB72E27082B3500E745DC /* test-bankapp-ios-endcomUITests.xctest */;
			productType = "com.apple.product-type.bundle.ui-testing";
		};
/* End PBXNativeTarget section */

/* Begin PBXProject section */
		525DB70527082B3400E745DC /* Project object */ = {
			isa = PBXProject;
			attributes = {
				LastSwiftUpdateCheck = 1250;
				LastUpgradeCheck = 1250;
				TargetAttributes = {
					525DB70C27082B3400E745DC = {
						CreatedOnToolsVersion = 12.5.1;
					};
					525DB72227082B3500E745DC = {
						CreatedOnToolsVersion = 12.5.1;
						TestTargetID = 525DB70C27082B3400E745DC;
					};
					525DB72D27082B3500E745DC = {
						CreatedOnToolsVersion = 12.5.1;
						TestTargetID = 525DB70C27082B3400E745DC;
					};
				};
			};
			buildConfigurationList = 525DB70827082B3400E745DC /* Build configuration list for PBXProject "test-bankapp-ios-endcom" */;
			compatibilityVersion = "Xcode 9.3";
			developmentRegion = en;
			hasScannedForEncodings = 0;
			knownRegions = (
				en,
				Base,
			);
			mainGroup = 525DB70427082B3400E745DC;
			productRefGroup = 525DB70E27082B3400E745DC /* Products */;
			projectDirPath = "";
			projectRoot = "";
			targets = (
				525DB70C27082B3400E745DC /* test-bankapp-ios-endcom */,
				525DB72227082B3500E745DC /* test-bankapp-ios-endcomTests */,
				525DB72D27082B3500E745DC /* test-bankapp-ios-endcomUITests */,
			);
		};
/* End PBXProject section */

/* Begin PBXResourcesBuildPhase section */
		525DB70B27082B3400E745DC /* Resources */ = {
			isa = PBXResourcesBuildPhase;
			buildActionMask = 2147483647;
			files = (
				525DB74D2708367800E745DC /* Roboto-Regular.ttf in Resources */,
				525DB74C2708367500E745DC /* Roboto-Medium.ttf in Resources */,
				525DB71D27082B3500E745DC /* LaunchScreen.storyboard in Resources */,
				525DB71A27082B3500E745DC /* Assets.xcassets in Resources */,
				525DB74B2708367100E745DC /* Roboto-Bold.ttf in Resources */,
				525DB71827082B3400E745DC /* Main.storyboard in Resources */,
			);
			runOnlyForDeploymentPostprocessing = 0;
		};
		525DB72127082B3500E745DC /* Resources */ = {
			isa = PBXResourcesBuildPhase;
			buildActionMask = 2147483647;
			files = (
			);
			runOnlyForDeploymentPostprocessing = 0;
		};
		525DB72C27082B3500E745DC /* Resources */ = {
			isa = PBXResourcesBuildPhase;
			buildActionMask = 2147483647;
			files = (
			);
			runOnlyForDeploymentPostprocessing = 0;
		};
/* End PBXResourcesBuildPhase section */

/* Begin PBXShellScriptBuildPhase section */
		0281DE342DCB90314C3BE53C /* [CP] Check Pods Manifest.lock */ = {
			isa = PBXShellScriptBuildPhase;
			buildActionMask = 2147483647;
			files = (
			);
			inputFileListPaths = (
			);
			inputPaths = (
				"${PODS_PODFILE_DIR_PATH}/Podfile.lock",
				"${PODS_ROOT}/Manifest.lock",
			);
			name = "[CP] Check Pods Manifest.lock";
			outputFileListPaths = (
			);
			outputPaths = (
				"$(DERIVED_FILE_DIR)/Pods-test-bankapp-ios-endcom-checkManifestLockResult.txt",
			);
			runOnlyForDeploymentPostprocessing = 0;
			shellPath = /bin/sh;
			shellScript = "diff \"${PODS_PODFILE_DIR_PATH}/Podfile.lock\" \"${PODS_ROOT}/Manifest.lock\" > /dev/null\nif [ $? != 0 ] ; then\n    # print error to STDERR\n    echo \"error: The sandbox is not in sync with the Podfile.lock. Run 'pod install' or update your CocoaPods installation.\" >&2\n    exit 1\nfi\n# This output is used by Xcode 'outputs' to avoid re-running this script phase.\necho \"SUCCESS\" > \"${SCRIPT_OUTPUT_FILE_0}\"\n";
			showEnvVarsInLog = 0;
		};
		8A31B611496AE114C0A3454B /* [CP] Check Pods Manifest.lock */ = {
			isa = PBXShellScriptBuildPhase;
			buildActionMask = 2147483647;
			files = (
			);
			inputFileListPaths = (
			);
			inputPaths = (
				"${PODS_PODFILE_DIR_PATH}/Podfile.lock",
				"${PODS_ROOT}/Manifest.lock",
			);
			name = "[CP] Check Pods Manifest.lock";
			outputFileListPaths = (
			);
			outputPaths = (
				"$(DERIVED_FILE_DIR)/Pods-test-bankapp-ios-endcomTests-checkManifestLockResult.txt",
			);
			runOnlyForDeploymentPostprocessing = 0;
			shellPath = /bin/sh;
			shellScript = "diff \"${PODS_PODFILE_DIR_PATH}/Podfile.lock\" \"${PODS_ROOT}/Manifest.lock\" > /dev/null\nif [ $? != 0 ] ; then\n    # print error to STDERR\n    echo \"error: The sandbox is not in sync with the Podfile.lock. Run 'pod install' or update your CocoaPods installation.\" >&2\n    exit 1\nfi\n# This output is used by Xcode 'outputs' to avoid re-running this script phase.\necho \"SUCCESS\" > \"${SCRIPT_OUTPUT_FILE_0}\"\n";
			showEnvVarsInLog = 0;
		};
		905B9E6EAA6CFEFDEB5647E5 /* [CP] Check Pods Manifest.lock */ = {
			isa = PBXShellScriptBuildPhase;
			buildActionMask = 2147483647;
			files = (
			);
			inputFileListPaths = (
			);
			inputPaths = (
				"${PODS_PODFILE_DIR_PATH}/Podfile.lock",
				"${PODS_ROOT}/Manifest.lock",
			);
			name = "[CP] Check Pods Manifest.lock";
			outputFileListPaths = (
			);
			outputPaths = (
				"$(DERIVED_FILE_DIR)/Pods-test-bankapp-ios-endcom-test-bankapp-ios-endcomUITests-checkManifestLockResult.txt",
			);
			runOnlyForDeploymentPostprocessing = 0;
			shellPath = /bin/sh;
			shellScript = "diff \"${PODS_PODFILE_DIR_PATH}/Podfile.lock\" \"${PODS_ROOT}/Manifest.lock\" > /dev/null\nif [ $? != 0 ] ; then\n    # print error to STDERR\n    echo \"error: The sandbox is not in sync with the Podfile.lock. Run 'pod install' or update your CocoaPods installation.\" >&2\n    exit 1\nfi\n# This output is used by Xcode 'outputs' to avoid re-running this script phase.\necho \"SUCCESS\" > \"${SCRIPT_OUTPUT_FILE_0}\"\n";
			showEnvVarsInLog = 0;
		};
		94ED49F5B2DD265F1FB6911E /* [CP] Embed Pods Frameworks */ = {
			isa = PBXShellScriptBuildPhase;
			buildActionMask = 2147483647;
			files = (
			);
			inputFileListPaths = (
				"${PODS_ROOT}/Target Support Files/Pods-test-bankapp-ios-endcom/Pods-test-bankapp-ios-endcom-frameworks-${CONFIGURATION}-input-files.xcfilelist",
			);
			name = "[CP] Embed Pods Frameworks";
			outputFileListPaths = (
				"${PODS_ROOT}/Target Support Files/Pods-test-bankapp-ios-endcom/Pods-test-bankapp-ios-endcom-frameworks-${CONFIGURATION}-output-files.xcfilelist",
			);
			runOnlyForDeploymentPostprocessing = 0;
			shellPath = /bin/sh;
			shellScript = "\"${PODS_ROOT}/Target Support Files/Pods-test-bankapp-ios-endcom/Pods-test-bankapp-ios-endcom-frameworks.sh\"\n";
			showEnvVarsInLog = 0;
		};
		F6FB3BE944A9AB721ADDBBB8 /* [CP] Embed Pods Frameworks */ = {
			isa = PBXShellScriptBuildPhase;
			buildActionMask = 2147483647;
			files = (
			);
			inputFileListPaths = (
				"${PODS_ROOT}/Target Support Files/Pods-test-bankapp-ios-endcom-test-bankapp-ios-endcomUITests/Pods-test-bankapp-ios-endcom-test-bankapp-ios-endcomUITests-frameworks-${CONFIGURATION}-input-files.xcfilelist",
			);
			name = "[CP] Embed Pods Frameworks";
			outputFileListPaths = (
				"${PODS_ROOT}/Target Support Files/Pods-test-bankapp-ios-endcom-test-bankapp-ios-endcomUITests/Pods-test-bankapp-ios-endcom-test-bankapp-ios-endcomUITests-frameworks-${CONFIGURATION}-output-files.xcfilelist",
			);
			runOnlyForDeploymentPostprocessing = 0;
			shellPath = /bin/sh;
			shellScript = "\"${PODS_ROOT}/Target Support Files/Pods-test-bankapp-ios-endcom-test-bankapp-ios-endcomUITests/Pods-test-bankapp-ios-endcom-test-bankapp-ios-endcomUITests-frameworks.sh\"\n";
			showEnvVarsInLog = 0;
		};
/* End PBXShellScriptBuildPhase section */

/* Begin PBXSourcesBuildPhase section */
		525DB70927082B3400E745DC /* Sources */ = {
			isa = PBXSourcesBuildPhase;
			buildActionMask = 2147483647;
			files = (
				52FF52C4270950C800DF6235 /* NetworkManager.swift in Sources */,
				525DB7532708396900E745DC /* UIColor+appColors.swift in Sources */,
				52F9673C2708BB6800A25360 /* MovementsTableViewCell.swift in Sources */,
				525DB75627083E4A00E745DC /* HeaderViewNavItem.swift in Sources */,
				525DB76427084DC600E745DC /* AccountCollectionViewCell.swift in Sources */,
				521AB09F27095B2400269FA4 /* Cards.swift in Sources */,
				521AB0A327098C2F00269FA4 /* Int+currencyFormating.swift in Sources */,
				52FF52C72709538400DF6235 /* Account.swift in Sources */,
				525DB751270836C000E745DC /* UIFont+appFonts.swift in Sources */,
				521AB09D270957E000269FA4 /* Balances.swift in Sources */,
				525DB75D2708438200E745DC /* BoldLabel.swift in Sources */,
				525DB76C2708587100E745DC /* CardOfAccountImageView.swift in Sources */,
				521AB0A527098E6400269FA4 /* String+CardFormatter.swift in Sources */,
				525DB76127084BAF00E745DC /* AccountsTableViewCell.swift in Sources */,
				525DB71127082B3400E745DC /* AppDelegate.swift in Sources */,
				52FF52BF270924F600DF6235 /* FormNewCardViewController.swift in Sources */,
				52FF52C227094F8F00DF6235 /* Endpoint.swift in Sources */,
				525DB75B2708419800E745DC /* UserInfoTableViewCell.swift in Sources */,
				525DB76A2708575400E745DC /* CardTableViewCell.swift in Sources */,
				52FF52BC27091E8100DF6235 /* FormTextField.swift in Sources */,
				525DB746270834A400E745DC /* AttributeButton.swift in Sources */,
				521AB0A127095CFF00269FA4 /* Movements.swift in Sources */,
				525DB71327082B3400E745DC /* SceneDelegate.swift in Sources */,
				525DB75F270847D900E745DC /* SectionTitleTableViewCell.swift in Sources */,
				525DB74327082B6800E745DC /* HomeViewController.swift in Sources */,
			);
			runOnlyForDeploymentPostprocessing = 0;
		};
		525DB71F27082B3500E745DC /* Sources */ = {
			isa = PBXSourcesBuildPhase;
			buildActionMask = 2147483647;
			files = (
				525DB72827082B3500E745DC /* test_bankapp_ios_endcomTests.swift in Sources */,
			);
			runOnlyForDeploymentPostprocessing = 0;
		};
		525DB72A27082B3500E745DC /* Sources */ = {
			isa = PBXSourcesBuildPhase;
			buildActionMask = 2147483647;
			files = (
				525DB73327082B3500E745DC /* test_bankapp_ios_endcomUITests.swift in Sources */,
			);
			runOnlyForDeploymentPostprocessing = 0;
		};
/* End PBXSourcesBuildPhase section */

/* Begin PBXTargetDependency section */
		525DB72527082B3500E745DC /* PBXTargetDependency */ = {
			isa = PBXTargetDependency;
			target = 525DB70C27082B3400E745DC /* test-bankapp-ios-endcom */;
			targetProxy = 525DB72427082B3500E745DC /* PBXContainerItemProxy */;
		};
		525DB73027082B3500E745DC /* PBXTargetDependency */ = {
			isa = PBXTargetDependency;
			target = 525DB70C27082B3400E745DC /* test-bankapp-ios-endcom */;
			targetProxy = 525DB72F27082B3500E745DC /* PBXContainerItemProxy */;
		};
/* End PBXTargetDependency section */

/* Begin PBXVariantGroup section */
		525DB71627082B3400E745DC /* Main.storyboard */ = {
			isa = PBXVariantGroup;
			children = (
				525DB71727082B3400E745DC /* Base */,
			);
			name = Main.storyboard;
			sourceTree = "<group>";
		};
		525DB71B27082B3500E745DC /* LaunchScreen.storyboard */ = {
			isa = PBXVariantGroup;
			children = (
				525DB71C27082B3500E745DC /* Base */,
			);
			name = LaunchScreen.storyboard;
			sourceTree = "<group>";
		};
/* End PBXVariantGroup section */

/* Begin XCBuildConfiguration section */
		525DB73527082B3500E745DC /* Debug */ = {
			isa = XCBuildConfiguration;
			buildSettings = {
				ALWAYS_SEARCH_USER_PATHS = NO;
				CLANG_ANALYZER_NONNULL = YES;
				CLANG_ANALYZER_NUMBER_OBJECT_CONVERSION = YES_AGGRESSIVE;
				CLANG_CXX_LANGUAGE_STANDARD = "gnu++14";
				CLANG_CXX_LIBRARY = "libc++";
				CLANG_ENABLE_MODULES = YES;
				CLANG_ENABLE_OBJC_ARC = YES;
				CLANG_ENABLE_OBJC_WEAK = YES;
				CLANG_WARN_BLOCK_CAPTURE_AUTORELEASING = YES;
				CLANG_WARN_BOOL_CONVERSION = YES;
				CLANG_WARN_COMMA = YES;
				CLANG_WARN_CONSTANT_CONVERSION = YES;
				CLANG_WARN_DEPRECATED_OBJC_IMPLEMENTATIONS = YES;
				CLANG_WARN_DIRECT_OBJC_ISA_USAGE = YES_ERROR;
				CLANG_WARN_DOCUMENTATION_COMMENTS = YES;
				CLANG_WARN_EMPTY_BODY = YES;
				CLANG_WARN_ENUM_CONVERSION = YES;
				CLANG_WARN_INFINITE_RECURSION = YES;
				CLANG_WARN_INT_CONVERSION = YES;
				CLANG_WARN_NON_LITERAL_NULL_CONVERSION = YES;
				CLANG_WARN_OBJC_IMPLICIT_RETAIN_SELF = YES;
				CLANG_WARN_OBJC_LITERAL_CONVERSION = YES;
				CLANG_WARN_OBJC_ROOT_CLASS = YES_ERROR;
				CLANG_WARN_QUOTED_INCLUDE_IN_FRAMEWORK_HEADER = YES;
				CLANG_WARN_RANGE_LOOP_ANALYSIS = YES;
				CLANG_WARN_STRICT_PROTOTYPES = YES;
				CLANG_WARN_SUSPICIOUS_MOVE = YES;
				CLANG_WARN_UNGUARDED_AVAILABILITY = YES_AGGRESSIVE;
				CLANG_WARN_UNREACHABLE_CODE = YES;
				CLANG_WARN__DUPLICATE_METHOD_MATCH = YES;
				COPY_PHASE_STRIP = NO;
				DEBUG_INFORMATION_FORMAT = dwarf;
				ENABLE_STRICT_OBJC_MSGSEND = YES;
				ENABLE_TESTABILITY = YES;
				GCC_C_LANGUAGE_STANDARD = gnu11;
				GCC_DYNAMIC_NO_PIC = NO;
				GCC_NO_COMMON_BLOCKS = YES;
				GCC_OPTIMIZATION_LEVEL = 0;
				GCC_PREPROCESSOR_DEFINITIONS = (
					"DEBUG=1",
					"$(inherited)",
				);
				GCC_WARN_64_TO_32_BIT_CONVERSION = YES;
				GCC_WARN_ABOUT_RETURN_TYPE = YES_ERROR;
				GCC_WARN_UNDECLARED_SELECTOR = YES;
				GCC_WARN_UNINITIALIZED_AUTOS = YES_AGGRESSIVE;
				GCC_WARN_UNUSED_FUNCTION = YES;
				GCC_WARN_UNUSED_VARIABLE = YES;
				IPHONEOS_DEPLOYMENT_TARGET = 14.5;
				MTL_ENABLE_DEBUG_INFO = INCLUDE_SOURCE;
				MTL_FAST_MATH = YES;
				ONLY_ACTIVE_ARCH = YES;
				SDKROOT = iphoneos;
				SWIFT_ACTIVE_COMPILATION_CONDITIONS = DEBUG;
				SWIFT_OPTIMIZATION_LEVEL = "-Onone";
			};
			name = Debug;
		};
		525DB73627082B3500E745DC /* Release */ = {
			isa = XCBuildConfiguration;
			buildSettings = {
				ALWAYS_SEARCH_USER_PATHS = NO;
				CLANG_ANALYZER_NONNULL = YES;
				CLANG_ANALYZER_NUMBER_OBJECT_CONVERSION = YES_AGGRESSIVE;
				CLANG_CXX_LANGUAGE_STANDARD = "gnu++14";
				CLANG_CXX_LIBRARY = "libc++";
				CLANG_ENABLE_MODULES = YES;
				CLANG_ENABLE_OBJC_ARC = YES;
				CLANG_ENABLE_OBJC_WEAK = YES;
				CLANG_WARN_BLOCK_CAPTURE_AUTORELEASING = YES;
				CLANG_WARN_BOOL_CONVERSION = YES;
				CLANG_WARN_COMMA = YES;
				CLANG_WARN_CONSTANT_CONVERSION = YES;
				CLANG_WARN_DEPRECATED_OBJC_IMPLEMENTATIONS = YES;
				CLANG_WARN_DIRECT_OBJC_ISA_USAGE = YES_ERROR;
				CLANG_WARN_DOCUMENTATION_COMMENTS = YES;
				CLANG_WARN_EMPTY_BODY = YES;
				CLANG_WARN_ENUM_CONVERSION = YES;
				CLANG_WARN_INFINITE_RECURSION = YES;
				CLANG_WARN_INT_CONVERSION = YES;
				CLANG_WARN_NON_LITERAL_NULL_CONVERSION = YES;
				CLANG_WARN_OBJC_IMPLICIT_RETAIN_SELF = YES;
				CLANG_WARN_OBJC_LITERAL_CONVERSION = YES;
				CLANG_WARN_OBJC_ROOT_CLASS = YES_ERROR;
				CLANG_WARN_QUOTED_INCLUDE_IN_FRAMEWORK_HEADER = YES;
				CLANG_WARN_RANGE_LOOP_ANALYSIS = YES;
				CLANG_WARN_STRICT_PROTOTYPES = YES;
				CLANG_WARN_SUSPICIOUS_MOVE = YES;
				CLANG_WARN_UNGUARDED_AVAILABILITY = YES_AGGRESSIVE;
				CLANG_WARN_UNREACHABLE_CODE = YES;
				CLANG_WARN__DUPLICATE_METHOD_MATCH = YES;
				COPY_PHASE_STRIP = NO;
				DEBUG_INFORMATION_FORMAT = "dwarf-with-dsym";
				ENABLE_NS_ASSERTIONS = NO;
				ENABLE_STRICT_OBJC_MSGSEND = YES;
				GCC_C_LANGUAGE_STANDARD = gnu11;
				GCC_NO_COMMON_BLOCKS = YES;
				GCC_WARN_64_TO_32_BIT_CONVERSION = YES;
				GCC_WARN_ABOUT_RETURN_TYPE = YES_ERROR;
				GCC_WARN_UNDECLARED_SELECTOR = YES;
				GCC_WARN_UNINITIALIZED_AUTOS = YES_AGGRESSIVE;
				GCC_WARN_UNUSED_FUNCTION = YES;
				GCC_WARN_UNUSED_VARIABLE = YES;
				IPHONEOS_DEPLOYMENT_TARGET = 14.5;
				MTL_ENABLE_DEBUG_INFO = NO;
				MTL_FAST_MATH = YES;
				SDKROOT = iphoneos;
				SWIFT_COMPILATION_MODE = wholemodule;
				SWIFT_OPTIMIZATION_LEVEL = "-O";
				VALIDATE_PRODUCT = YES;
			};
			name = Release;
		};
		525DB73827082B3500E745DC /* Debug */ = {
			isa = XCBuildConfiguration;
			baseConfigurationReference = BBA6F4660B3B69772DD9EC28 /* Pods-test-bankapp-ios-endcom.debug.xcconfig */;
			buildSettings = {
				ASSETCATALOG_COMPILER_APPICON_NAME = AppIcon;
				ASSETCATALOG_COMPILER_GLOBAL_ACCENT_COLOR_NAME = AccentColor;
				CODE_SIGN_STYLE = Automatic;
				DEVELOPMENT_TEAM = 9S32C658C5;
				INFOPLIST_FILE = "test-bankapp-ios-endcom/Info.plist";
				LD_RUNPATH_SEARCH_PATHS = (
					"$(inherited)",
					"@executable_path/Frameworks",
				);
				PRODUCT_BUNDLE_IDENTIFIER = "com.mitch.test-bankapp-ios-endcom";
				PRODUCT_NAME = "$(TARGET_NAME)";
				SWIFT_VERSION = 5.0;
				TARGETED_DEVICE_FAMILY = "1,2";
			};
			name = Debug;
		};
		525DB73927082B3500E745DC /* Release */ = {
			isa = XCBuildConfiguration;
			baseConfigurationReference = D3A0DF0FCB86F0EF22B42969 /* Pods-test-bankapp-ios-endcom.release.xcconfig */;
			buildSettings = {
				ASSETCATALOG_COMPILER_APPICON_NAME = AppIcon;
				ASSETCATALOG_COMPILER_GLOBAL_ACCENT_COLOR_NAME = AccentColor;
				CODE_SIGN_STYLE = Automatic;
				DEVELOPMENT_TEAM = 9S32C658C5;
				INFOPLIST_FILE = "test-bankapp-ios-endcom/Info.plist";
				LD_RUNPATH_SEARCH_PATHS = (
					"$(inherited)",
					"@executable_path/Frameworks",
				);
				PRODUCT_BUNDLE_IDENTIFIER = "com.mitch.test-bankapp-ios-endcom";
				PRODUCT_NAME = "$(TARGET_NAME)";
				SWIFT_VERSION = 5.0;
				TARGETED_DEVICE_FAMILY = "1,2";
			};
			name = Release;
		};
		525DB73B27082B3500E745DC /* Debug */ = {
			isa = XCBuildConfiguration;
			baseConfigurationReference = 7A0D739E577364F9B445DDF6 /* Pods-test-bankapp-ios-endcomTests.debug.xcconfig */;
			buildSettings = {
				ALWAYS_EMBED_SWIFT_STANDARD_LIBRARIES = YES;
				BUNDLE_LOADER = "$(TEST_HOST)";
				CODE_SIGN_STYLE = Automatic;
				DEVELOPMENT_TEAM = 9S32C658C5;
				INFOPLIST_FILE = "test-bankapp-ios-endcomTests/Info.plist";
				IPHONEOS_DEPLOYMENT_TARGET = 14.5;
				LD_RUNPATH_SEARCH_PATHS = (
					"$(inherited)",
					"@executable_path/Frameworks",
					"@loader_path/Frameworks",
				);
				PRODUCT_BUNDLE_IDENTIFIER = "com.mitch.test-bankapp-ios-endcomTests";
				PRODUCT_NAME = "$(TARGET_NAME)";
				SWIFT_VERSION = 5.0;
				TARGETED_DEVICE_FAMILY = "1,2";
				TEST_HOST = "$(BUILT_PRODUCTS_DIR)/test-bankapp-ios-endcom.app/test-bankapp-ios-endcom";
			};
			name = Debug;
		};
		525DB73C27082B3500E745DC /* Release */ = {
			isa = XCBuildConfiguration;
			baseConfigurationReference = FBAE5F476C741B2B90E3047C /* Pods-test-bankapp-ios-endcomTests.release.xcconfig */;
			buildSettings = {
				ALWAYS_EMBED_SWIFT_STANDARD_LIBRARIES = YES;
				BUNDLE_LOADER = "$(TEST_HOST)";
				CODE_SIGN_STYLE = Automatic;
				DEVELOPMENT_TEAM = 9S32C658C5;
				INFOPLIST_FILE = "test-bankapp-ios-endcomTests/Info.plist";
				IPHONEOS_DEPLOYMENT_TARGET = 14.5;
				LD_RUNPATH_SEARCH_PATHS = (
					"$(inherited)",
					"@executable_path/Frameworks",
					"@loader_path/Frameworks",
				);
				PRODUCT_BUNDLE_IDENTIFIER = "com.mitch.test-bankapp-ios-endcomTests";
				PRODUCT_NAME = "$(TARGET_NAME)";
				SWIFT_VERSION = 5.0;
				TARGETED_DEVICE_FAMILY = "1,2";
				TEST_HOST = "$(BUILT_PRODUCTS_DIR)/test-bankapp-ios-endcom.app/test-bankapp-ios-endcom";
			};
			name = Release;
		};
		525DB73E27082B3500E745DC /* Debug */ = {
			isa = XCBuildConfiguration;
			baseConfigurationReference = 023E3B7F938CF9506E4E3839 /* Pods-test-bankapp-ios-endcom-test-bankapp-ios-endcomUITests.debug.xcconfig */;
			buildSettings = {
				ALWAYS_EMBED_SWIFT_STANDARD_LIBRARIES = YES;
				CODE_SIGN_STYLE = Automatic;
				DEVELOPMENT_TEAM = 9S32C658C5;
				INFOPLIST_FILE = "test-bankapp-ios-endcomUITests/Info.plist";
				LD_RUNPATH_SEARCH_PATHS = (
					"$(inherited)",
					"@executable_path/Frameworks",
					"@loader_path/Frameworks",
				);
				PRODUCT_BUNDLE_IDENTIFIER = "com.mitch.test-bankapp-ios-endcomUITests";
				PRODUCT_NAME = "$(TARGET_NAME)";
				SWIFT_VERSION = 5.0;
				TARGETED_DEVICE_FAMILY = "1,2";
				TEST_TARGET_NAME = "test-bankapp-ios-endcom";
			};
			name = Debug;
		};
		525DB73F27082B3500E745DC /* Release */ = {
			isa = XCBuildConfiguration;
			baseConfigurationReference = 1F7BE19A50ADEC25AF242A5D /* Pods-test-bankapp-ios-endcom-test-bankapp-ios-endcomUITests.release.xcconfig */;
			buildSettings = {
				ALWAYS_EMBED_SWIFT_STANDARD_LIBRARIES = YES;
				CODE_SIGN_STYLE = Automatic;
				DEVELOPMENT_TEAM = 9S32C658C5;
				INFOPLIST_FILE = "test-bankapp-ios-endcomUITests/Info.plist";
				LD_RUNPATH_SEARCH_PATHS = (
					"$(inherited)",
					"@executable_path/Frameworks",
					"@loader_path/Frameworks",
				);
				PRODUCT_BUNDLE_IDENTIFIER = "com.mitch.test-bankapp-ios-endcomUITests";
				PRODUCT_NAME = "$(TARGET_NAME)";
				SWIFT_VERSION = 5.0;
				TARGETED_DEVICE_FAMILY = "1,2";
				TEST_TARGET_NAME = "test-bankapp-ios-endcom";
			};
			name = Release;
		};
/* End XCBuildConfiguration section */

/* Begin XCConfigurationList section */
		525DB70827082B3400E745DC /* Build configuration list for PBXProject "test-bankapp-ios-endcom" */ = {
			isa = XCConfigurationList;
			buildConfigurations = (
				525DB73527082B3500E745DC /* Debug */,
				525DB73627082B3500E745DC /* Release */,
			);
			defaultConfigurationIsVisible = 0;
			defaultConfigurationName = Release;
		};
		525DB73727082B3500E745DC /* Build configuration list for PBXNativeTarget "test-bankapp-ios-endcom" */ = {
			isa = XCConfigurationList;
			buildConfigurations = (
				525DB73827082B3500E745DC /* Debug */,
				525DB73927082B3500E745DC /* Release */,
			);
			defaultConfigurationIsVisible = 0;
			defaultConfigurationName = Release;
		};
		525DB73A27082B3500E745DC /* Build configuration list for PBXNativeTarget "test-bankapp-ios-endcomTests" */ = {
			isa = XCConfigurationList;
			buildConfigurations = (
				525DB73B27082B3500E745DC /* Debug */,
				525DB73C27082B3500E745DC /* Release */,
			);
			defaultConfigurationIsVisible = 0;
			defaultConfigurationName = Release;
		};
		525DB73D27082B3500E745DC /* Build configuration list for PBXNativeTarget "test-bankapp-ios-endcomUITests" */ = {
			isa = XCConfigurationList;
			buildConfigurations = (
				525DB73E27082B3500E745DC /* Debug */,
				525DB73F27082B3500E745DC /* Release */,
			);
			defaultConfigurationIsVisible = 0;
			defaultConfigurationName = Release;
		};
/* End XCConfigurationList section */
	};
	rootObject = 525DB70527082B3400E745DC /* Project object */;
}
