// !$*UTF8*$!
{
	archiveVersion = 1;
	classes = {
	};
	objectVersion = 50;
	objects = {

/* Begin PBXBuildFile section */
		525DB71127082B3400E745DC /* AppDelegate.swift in Sources */ = {isa = PBXBuildFile; fileRef = 525DB71027082B3400E745DC /* AppDelegate.swift */; };
		525DB71327082B3400E745DC /* SceneDelegate.swift in Sources */ = {isa = PBXBuildFile; fileRef = 525DB71227082B3400E745DC /* SceneDelegate.swift */; };
		525DB71827082B3400E745DC /* Main.storyboard in Resources */ = {isa = PBXBuildFile; fileRef = 525DB71627082B3400E745DC /* Main.storyboard */; };
		525DB71A27082B3500E745DC /* Assets.xcassets in Resources */ = {isa = PBXBuildFile; fileRef = 525DB71927082B3500E745DC /* Assets.xcassets */; };
		525DB71D27082B3500E745DC /* LaunchScreen.storyboard in Resources */ = {isa = PBXBuildFile; fileRef = 525DB71B27082B3500E745DC /* LaunchScreen.storyboard */; };
		525DB72827082B3500E745DC /* test_bankapp_ios_endcomTests.swift in Sources */ = {isa = PBXBuildFile; fileRef = 525DB72727082B3500E745DC /* test_bankapp_ios_endcomTests.swift */; };
		525DB73327082B3500E745DC /* test_bankapp_ios_endcomUITests.swift in Sources */ = {isa = PBXBuildFile; fileRef = 525DB73227082B3500E745DC /* test_bankapp_ios_endcomUITests.swift */; };
		525DB74327082B6800E745DC /* HomeViewController.swift in Sources */ = {isa = PBXBuildFile; fileRef = 525DB74227082B6800E745DC /* HomeViewController.swift */; };
		525DB746270834A400E745DC /* AttributeButton.swift in Sources */ = {isa = PBXBuildFile; fileRef = 525DB745270834A400E745DC /* AttributeButton.swift */; };
		525DB74B2708367100E745DC /* Roboto-Bold.ttf in Resources */ = {isa = PBXBuildFile; fileRef = 525DB7492708366C00E745DC /* Roboto-Bold.ttf */; };
		525DB74C2708367500E745DC /* Roboto-Medium.ttf in Resources */ = {isa = PBXBuildFile; fileRef = 525DB74A2708366C00E745DC /* Roboto-Medium.ttf */; };
		525DB74D2708367800E745DC /* Roboto-Regular.ttf in Resources */ = {isa = PBXBuildFile; fileRef = 525DB7482708366C00E745DC /* Roboto-Regular.ttf */; };
		525DB751270836C000E745DC /* UIFont+appFonts.swift in Sources */ = {isa = PBXBuildFile; fileRef = 525DB750270836C000E745DC /* UIFont+appFonts.swift */; };
		525DB7532708396900E745DC /* UIColor+appColors.swift in Sources */ = {isa = PBXBuildFile; fileRef = 525DB7522708396900E745DC /* UIColor+appColors.swift */; };
		525DB75627083E4A00E745DC /* HeaderViewNavItem.swift in Sources */ = {isa = PBXBuildFile; fileRef = 525DB75527083E4A00E745DC /* HeaderViewNavItem.swift */; };
		525DB75B2708419800E745DC /* UserInfoTableViewCell.swift in Sources */ = {isa = PBXBuildFile; fileRef = 525DB75A2708419800E745DC /* UserInfoTableViewCell.swift */; };
		525DB75D2708438200E745DC /* BoldLabel.swift in Sources */ = {isa = PBXBuildFile; fileRef = 525DB75C2708438200E745DC /* BoldLabel.swift */; };
		525DB75F270847D900E745DC /* SectionTitleTableViewCell.swift in Sources */ = {isa = PBXBuildFile; fileRef = 525DB75E270847D900E745DC /* SectionTitleTableViewCell.swift */; };
		525DB76127084BAF00E745DC /* AccountsTableViewCell.swift in Sources */ = {isa = PBXBuildFile; fileRef = 525DB76027084BAF00E745DC /* AccountsTableViewCell.swift */; };
		525DB76427084DC600E745DC /* AccountCollectionViewCell.swift in Sources */ = {isa = PBXBuildFile; fileRef = 525DB76327084DC600E745DC /* AccountCollectionViewCell.swift */; };
		525DB76A2708575400E745DC /* CardTableViewCell.swift in Sources */ = {isa = PBXBuildFile; fileRef = 525DB7692708575400E745DC /* CardTableViewCell.swift */; };
		525DB76C2708587100E745DC /* CardOfAccountImageView.swift in Sources */ = {isa = PBXBuildFile; fileRef = 525DB76B2708587100E745DC /* CardOfAccountImageView.swift */; };
		52F9673C2708BB6800A25360 /* MovementsTableViewCell.swift in Sources */ = {isa = PBXBuildFile; fileRef = 52F9673B2708BB6800A25360 /* MovementsTableViewCell.swift */; };
		52FF52BC27091E8100DF6235 /* FormTextField.swift in Sources */ = {isa = PBXBuildFile; fileRef = 52FF52BB27091E8100DF6235 /* FormTextField.swift */; };
/* End PBXBuildFile section */

/* Begin PBXContainerItemProxy section */
		525DB72427082B3500E745DC /* PBXContainerItemProxy */ = {
			isa = PBXContainerItemProxy;
			containerPortal = 525DB70527082B3400E745DC /* Project object */;
			proxyType = 1;
			remoteGlobalIDString = 525DB70C27082B3400E745DC;
			remoteInfo = "test-bankapp-ios-endcom";
		};
		525DB72F27082B3500E745DC /* PBXContainerItemProxy */ = {
			isa = PBXContainerItemProxy;
			containerPortal = 525DB70527082B3400E745DC /* Project object */;
			proxyType = 1;
			remoteGlobalIDString = 525DB70C27082B3400E745DC;
			remoteInfo = "test-bankapp-ios-endcom";
		};
/* End PBXContainerItemProxy section */

/* Begin PBXFileReference section */
		525DB70D27082B3400E745DC /* test-bankapp-ios-endcom.app */ = {isa = PBXFileReference; explicitFileType = wrapper.application; includeInIndex = 0; path = "test-bankapp-ios-endcom.app"; sourceTree = BUILT_PRODUCTS_DIR; };
		525DB71027082B3400E745DC /* AppDelegate.swift */ = {isa = PBXFileReference; lastKnownFileType = sourcecode.swift; path = AppDelegate.swift; sourceTree = "<group>"; };
		525DB71227082B3400E745DC /* SceneDelegate.swift */ = {isa = PBXFileReference; lastKnownFileType = sourcecode.swift; path = SceneDelegate.swift; sourceTree = "<group>"; };
		525DB71727082B3400E745DC /* Base */ = {isa = PBXFileReference; lastKnownFileType = file.storyboard; name = Base; path = Base.lproj/Main.storyboard; sourceTree = "<group>"; };
		525DB71927082B3500E745DC /* Assets.xcassets */ = {isa = PBXFileReference; lastKnownFileType = folder.assetcatalog; path = Assets.xcassets; sourceTree = "<group>"; };
		525DB71C27082B3500E745DC /* Base */ = {isa = PBXFileReference; lastKnownFileType = file.storyboard; name = Base; path = Base.lproj/LaunchScreen.storyboard; sourceTree = "<group>"; };
		525DB71E27082B3500E745DC /* Info.plist */ = {isa = PBXFileReference; lastKnownFileType = text.plist.xml; path = Info.plist; sourceTree = "<group>"; };
		525DB72327082B3500E745DC /* test-bankapp-ios-endcomTests.xctest */ = {isa = PBXFileReference; explicitFileType = wrapper.cfbundle; includeInIndex = 0; path = "test-bankapp-ios-endcomTests.xctest"; sourceTree = BUILT_PRODUCTS_DIR; };
		525DB72727082B3500E745DC /* test_bankapp_ios_endcomTests.swift */ = {isa = PBXFileReference; lastKnownFileType = sourcecode.swift; path = test_bankapp_ios_endcomTests.swift; sourceTree = "<group>"; };
		525DB72927082B3500E745DC /* Info.plist */ = {isa = PBXFileReference; lastKnownFileType = text.plist.xml; path = Info.plist; sourceTree = "<group>"; };
		525DB72E27082B3500E745DC /* test-bankapp-ios-endcomUITests.xctest */ = {isa = PBXFileReference; explicitFileType = wrapper.cfbundle; includeInIndex = 0; path = "test-bankapp-ios-endcomUITests.xctest"; sourceTree = BUILT_PRODUCTS_DIR; };
		525DB73227082B3500E745DC /* test_bankapp_ios_endcomUITests.swift */ = {isa = PBXFileReference; lastKnownFileType = sourcecode.swift; path = test_bankapp_ios_endcomUITests.swift; sourceTree = "<group>"; };
		525DB73427082B3500E745DC /* Info.plist */ = {isa = PBXFileReference; lastKnownFileType = text.plist.xml; path = Info.plist; sourceTree = "<group>"; };
		525DB74227082B6800E745DC /* HomeViewController.swift */ = {isa = PBXFileReference; lastKnownFileType = sourcecode.swift; path = HomeViewController.swift; sourceTree = "<group>"; };
		525DB745270834A400E745DC /* AttributeButton.swift */ = {isa = PBXFileReference; lastKnownFileType = sourcecode.swift; path = AttributeButton.swift; sourceTree = "<group>"; };
		525DB7482708366C00E745DC /* Roboto-Regular.ttf */ = {isa = PBXFileReference; lastKnownFileType = file; path = "Roboto-Regular.ttf"; sourceTree = "<group>"; };
		525DB7492708366C00E745DC /* Roboto-Bold.ttf */ = {isa = PBXFileReference; lastKnownFileType = file; path = "Roboto-Bold.ttf"; sourceTree = "<group>"; };
		525DB74A2708366C00E745DC /* Roboto-Medium.ttf */ = {isa = PBXFileReference; lastKnownFileType = file; path = "Roboto-Medium.ttf"; sourceTree = "<group>"; };
		525DB750270836C000E745DC /* UIFont+appFonts.swift */ = {isa = PBXFileReference; lastKnownFileType = sourcecode.swift; path = "UIFont+appFonts.swift"; sourceTree = "<group>"; };
		525DB7522708396900E745DC /* UIColor+appColors.swift */ = {isa = PBXFileReference; lastKnownFileType = sourcecode.swift; path = "UIColor+appColors.swift"; sourceTree = "<group>"; };
		525DB75527083E4A00E745DC /* HeaderViewNavItem.swift */ = {isa = PBXFileReference; lastKnownFileType = sourcecode.swift; path = HeaderViewNavItem.swift; sourceTree = "<group>"; };
		525DB75A2708419800E745DC /* UserInfoTableViewCell.swift */ = {isa = PBXFileReference; lastKnownFileType = sourcecode.swift; path = UserInfoTableViewCell.swift; sourceTree = "<group>"; };
		525DB75C2708438200E745DC /* BoldLabel.swift */ = {isa = PBXFileReference; lastKnownFileType = sourcecode.swift; path = BoldLabel.swift; sourceTree = "<group>"; };
		525DB75E270847D900E745DC /* SectionTitleTableViewCell.swift */ = {isa = PBXFileReference; lastKnownFileType = sourcecode.swift; path = SectionTitleTableViewCell.swift; sourceTree = "<group>"; };
		525DB76027084BAF00E745DC /* AccountsTableViewCell.swift */ = {isa = PBXFileReference; lastKnownFileType = sourcecode.swift; path = AccountsTableViewCell.swift; sourceTree = "<group>"; };
		525DB76327084DC600E745DC /* AccountCollectionViewCell.swift */ = {isa = PBXFileReference; lastKnownFileType = sourcecode.swift; path = AccountCollectionViewCell.swift; sourceTree = "<group>"; };
		525DB7692708575400E745DC /* CardTableViewCell.swift */ = {isa = PBXFileReference; lastKnownFileType = sourcecode.swift; path = CardTableViewCell.swift; sourceTree = "<group>"; };
		525DB76B2708587100E745DC /* CardOfAccountImageView.swift */ = {isa = PBXFileReference; lastKnownFileType = sourcecode.swift; path = CardOfAccountImageView.swift; sourceTree = "<group>"; };
		52F9673B2708BB6800A25360 /* MovementsTableViewCell.swift */ = {isa = PBXFileReference; lastKnownFileType = sourcecode.swift; path = MovementsTableViewCell.swift; sourceTree = "<group>"; };
		52FF52BB27091E8100DF6235 /* FormTextField.swift */ = {isa = PBXFileReference; lastKnownFileType = sourcecode.swift; path = FormTextField.swift; sourceTree = "<group>"; };
/* End PBXFileReference section */

/* Begin PBXFrameworksBuildPhase section */
		525DB70A27082B3400E745DC /* Frameworks */ = {
			isa = PBXFrameworksBuildPhase;
			buildActionMask = 2147483647;
			files = (
			);
			runOnlyForDeploymentPostprocessing = 0;
		};
		525DB72027082B3500E745DC /* Frameworks */ = {
			isa = PBXFrameworksBuildPhase;
			buildActionMask = 2147483647;
			files = (
			);
			runOnlyForDeploymentPostprocessing = 0;
		};
		525DB72B27082B3500E745DC /* Frameworks */ = {
			isa = PBXFrameworksBuildPhase;
			buildActionMask = 2147483647;
			files = (
			);
			runOnlyForDeploymentPostprocessing = 0;
		};
/* End PBXFrameworksBuildPhase section */

/* Begin PBXGroup section */
		525DB70427082B3400E745DC = {
			isa = PBXGroup;
			children = (
				525DB70F27082B3400E745DC /* test-bankapp-ios-endcom */,
				525DB72627082B3500E745DC /* test-bankapp-ios-endcomTests */,
				525DB73127082B3500E745DC /* test-bankapp-ios-endcomUITests */,
				525DB70E27082B3400E745DC /* Products */,
			);
			sourceTree = "<group>";
		};
		525DB70E27082B3400E745DC /* Products */ = {
			isa = PBXGroup;
			children = (
				525DB70D27082B3400E745DC /* test-bankapp-ios-endcom.app */,
				525DB72327082B3500E745DC /* test-bankapp-ios-endcomTests.xctest */,
				525DB72E27082B3500E745DC /* test-bankapp-ios-endcomUITests.xctest */,
			);
			name = Products;
			sourceTree = "<group>";
		};
		525DB70F27082B3400E745DC /* test-bankapp-ios-endcom */ = {
			isa = PBXGroup;
			children = (
				525DB7582708412800E745DC /* UI */,
				525DB74E2708369D00E745DC /* Components */,
				525DB744270831F100E745DC /* Common */,
				525DB71027082B3400E745DC /* AppDelegate.swift */,
				525DB71227082B3400E745DC /* SceneDelegate.swift */,
				525DB71627082B3400E745DC /* Main.storyboard */,
				525DB71927082B3500E745DC /* Assets.xcassets */,
				525DB71B27082B3500E745DC /* LaunchScreen.storyboard */,
				525DB71E27082B3500E745DC /* Info.plist */,
			);
			path = "test-bankapp-ios-endcom";
			sourceTree = "<group>";
		};
		525DB72627082B3500E745DC /* test-bankapp-ios-endcomTests */ = {
			isa = PBXGroup;
			children = (
				525DB72727082B3500E745DC /* test_bankapp_ios_endcomTests.swift */,
				525DB72927082B3500E745DC /* Info.plist */,
			);
			path = "test-bankapp-ios-endcomTests";
			sourceTree = "<group>";
		};
		525DB73127082B3500E745DC /* test-bankapp-ios-endcomUITests */ = {
			isa = PBXGroup;
			children = (
				525DB73227082B3500E745DC /* test_bankapp_ios_endcomUITests.swift */,
				525DB73427082B3500E745DC /* Info.plist */,
			);
			path = "test-bankapp-ios-endcomUITests";
			sourceTree = "<group>";
		};
		525DB74127082B5800E745DC /* Home */ = {
			isa = PBXGroup;
			children = (
				525DB74227082B6800E745DC /* HomeViewController.swift */,
			);
			path = Home;
			sourceTree = "<group>";
		};
		525DB744270831F100E745DC /* Common */ = {
			isa = PBXGroup;
			children = (
				525DB745270834A400E745DC /* AttributeButton.swift */,
				525DB75527083E4A00E745DC /* HeaderViewNavItem.swift */,
				525DB75C2708438200E745DC /* BoldLabel.swift */,
				525DB76B2708587100E745DC /* CardOfAccountImageView.swift */,
				52FF52BB27091E8100DF6235 /* FormTextField.swift */,
			);
			path = Common;
			sourceTree = "<group>";
		};
		525DB747270835BA00E745DC /* Font */ = {
			isa = PBXGroup;
			children = (
				525DB7492708366C00E745DC /* Roboto-Bold.ttf */,
				525DB74A2708366C00E745DC /* Roboto-Medium.ttf */,
				525DB7482708366C00E745DC /* Roboto-Regular.ttf */,
			);
			path = Font;
			sourceTree = "<group>";
		};
		525DB74E2708369D00E745DC /* Components */ = {
			isa = PBXGroup;
			children = (
				525DB74F270836AD00E745DC /* Extensions */,
				525DB747270835BA00E745DC /* Font */,
			);
			path = Components;
			sourceTree = "<group>";
		};
		525DB74F270836AD00E745DC /* Extensions */ = {
			isa = PBXGroup;
			children = (
				525DB750270836C000E745DC /* UIFont+appFonts.swift */,
				525DB7522708396900E745DC /* UIColor+appColors.swift */,
			);
			path = Extensions;
			sourceTree = "<group>";
		};
		525DB7582708412800E745DC /* UI */ = {
			isa = PBXGroup;
			children = (
				525DB7592708417F00E745DC /* TableViewCells */,
				525DB74127082B5800E745DC /* Home */,
			);
			path = UI;
			sourceTree = "<group>";
		};
		525DB7592708417F00E745DC /* TableViewCells */ = {
			isa = PBXGroup;
			children = (
				525DB76527084DDB00E745DC /* User */,
				525DB76627084DE300E745DC /* SectionTitle */,
				525DB76727084DF000E745DC /* Account */,
				525DB7682708573800E745DC /* Card */,
				52F9673A2708BB4700A25360 /* Movements */,
			);
			path = TableViewCells;
			sourceTree = "<group>";
		};
		525DB76227084DAA00E745DC /* AccountCollectionViewCell */ = {
			isa = PBXGroup;
			children = (
				525DB76327084DC600E745DC /* AccountCollectionViewCell.swift */,
			);
			path = AccountCollectionViewCell;
			sourceTree = "<group>";
		};
		525DB76527084DDB00E745DC /* User */ = {
			isa = PBXGroup;
			children = (
				525DB75A2708419800E745DC /* UserInfoTableViewCell.swift */,
			);
			path = User;
			sourceTree = "<group>";
		};
		525DB76627084DE300E745DC /* SectionTitle */ = {
			isa = PBXGroup;
			children = (
				525DB75E270847D900E745DC /* SectionTitleTableViewCell.swift */,
			);
			path = SectionTitle;
			sourceTree = "<group>";
		};
		525DB76727084DF000E745DC /* Account */ = {
			isa = PBXGroup;
			children = (
				525DB76027084BAF00E745DC /* AccountsTableViewCell.swift */,
				525DB76227084DAA00E745DC /* AccountCollectionViewCell */,
			);
			path = Account;
			sourceTree = "<group>";
		};
		525DB7682708573800E745DC /* Card */ = {
			isa = PBXGroup;
			children = (
				525DB7692708575400E745DC /* CardTableViewCell.swift */,
			);
			path = Card;
			sourceTree = "<group>";
		};
		52F9673A2708BB4700A25360 /* Movements */ = {
			isa = PBXGroup;
			children = (
				52F9673B2708BB6800A25360 /* MovementsTableViewCell.swift */,
			);
			path = Movements;
			sourceTree = "<group>";
		};
/* End PBXGroup section */

/* Begin PBXNativeTarget section */
		525DB70C27082B3400E745DC /* test-bankapp-ios-endcom */ = {
			isa = PBXNativeTarget;
			buildConfigurationList = 525DB73727082B3500E745DC /* Build configuration list for PBXNativeTarget "test-bankapp-ios-endcom" */;
			buildPhases = (
				525DB70927082B3400E745DC /* Sources */,
				525DB70A27082B3400E745DC /* Frameworks */,
				525DB70B27082B3400E745DC /* Resources */,
			);
			buildRules = (
			);
			dependencies = (
			);
			name = "test-bankapp-ios-endcom";
			productName = "test-bankapp-ios-endcom";
			productReference = 525DB70D27082B3400E745DC /* test-bankapp-ios-endcom.app */;
			productType = "com.apple.product-type.application";
		};
		525DB72227082B3500E745DC /* test-bankapp-ios-endcomTests */ = {
			isa = PBXNativeTarget;
			buildConfigurationList = 525DB73A27082B3500E745DC /* Build configuration list for PBXNativeTarget "test-bankapp-ios-endcomTests" */;
			buildPhases = (
				525DB71F27082B3500E745DC /* Sources */,
				525DB72027082B3500E745DC /* Frameworks */,
				525DB72127082B3500E745DC /* Resources */,
			);
			buildRules = (
			);
			dependencies = (
				525DB72527082B3500E745DC /* PBXTargetDependency */,
			);
			name = "test-bankapp-ios-endcomTests";
			productName = "test-bankapp-ios-endcomTests";
			productReference = 525DB72327082B3500E745DC /* test-bankapp-ios-endcomTests.xctest */;
			productType = "com.apple.product-type.bundle.unit-test";
		};
		525DB72D27082B3500E745DC /* test-bankapp-ios-endcomUITests */ = {
			isa = PBXNativeTarget;
			buildConfigurationList = 525DB73D27082B3500E745DC /* Build configuration list for PBXNativeTarget "test-bankapp-ios-endcomUITests" */;
			buildPhases = (
				525DB72A27082B3500E745DC /* Sources */,
				525DB72B27082B3500E745DC /* Frameworks */,
				525DB72C27082B3500E745DC /* Resources */,
			);
			buildRules = (
			);
			dependencies = (
				525DB73027082B3500E745DC /* PBXTargetDependency */,
			);
			name = "test-bankapp-ios-endcomUITests";
			productName = "test-bankapp-ios-endcomUITests";
			productReference = 525DB72E27082B3500E745DC /* test-bankapp-ios-endcomUITests.xctest */;
			productType = "com.apple.product-type.bundle.ui-testing";
		};
/* End PBXNativeTarget section */

/* Begin PBXProject section */
		525DB70527082B3400E745DC /* Project object */ = {
			isa = PBXProject;
			attributes = {
				LastSwiftUpdateCheck = 1250;
				LastUpgradeCheck = 1250;
				TargetAttributes = {
					525DB70C27082B3400E745DC = {
						CreatedOnToolsVersion = 12.5.1;
					};
					525DB72227082B3500E745DC = {
						CreatedOnToolsVersion = 12.5.1;
						TestTargetID = 525DB70C27082B3400E745DC;
					};
					525DB72D27082B3500E745DC = {
						CreatedOnToolsVersion = 12.5.1;
						TestTargetID = 525DB70C27082B3400E745DC;
					};
				};
			};
			buildConfigurationList = 525DB70827082B3400E745DC /* Build configuration list for PBXProject "test-bankapp-ios-endcom" */;
			compatibilityVersion = "Xcode 9.3";
			developmentRegion = en;
			hasScannedForEncodings = 0;
			knownRegions = (
				en,
				Base,
			);
			mainGroup = 525DB70427082B3400E745DC;
			productRefGroup = 525DB70E27082B3400E745DC /* Products */;
			projectDirPath = "";
			projectRoot = "";
			targets = (
				525DB70C27082B3400E745DC /* test-bankapp-ios-endcom */,
				525DB72227082B3500E745DC /* test-bankapp-ios-endcomTests */,
				525DB72D27082B3500E745DC /* test-bankapp-ios-endcomUITests */,
			);
		};
/* End PBXProject section */

/* Begin PBXResourcesBuildPhase section */
		525DB70B27082B3400E745DC /* Resources */ = {
			isa = PBXResourcesBuildPhase;
			buildActionMask = 2147483647;
			files = (
				525DB74D2708367800E745DC /* Roboto-Regular.ttf in Resources */,
				525DB74C2708367500E745DC /* Roboto-Medium.ttf in Resources */,
				525DB71D27082B3500E745DC /* LaunchScreen.storyboard in Resources */,
				525DB71A27082B3500E745DC /* Assets.xcassets in Resources */,
				525DB74B2708367100E745DC /* Roboto-Bold.ttf in Resources */,
				525DB71827082B3400E745DC /* Main.storyboard in Resources */,
			);
			runOnlyForDeploymentPostprocessing = 0;
		};
		525DB72127082B3500E745DC /* Resources */ = {
			isa = PBXResourcesBuildPhase;
			buildActionMask = 2147483647;
			files = (
			);
			runOnlyForDeploymentPostprocessing = 0;
		};
		525DB72C27082B3500E745DC /* Resources */ = {
			isa = PBXResourcesBuildPhase;
			buildActionMask = 2147483647;
			files = (
			);
			runOnlyForDeploymentPostprocessing = 0;
		};
/* End PBXResourcesBuildPhase section */

/* Begin PBXSourcesBuildPhase section */
		525DB70927082B3400E745DC /* Sources */ = {
			isa = PBXSourcesBuildPhase;
			buildActionMask = 2147483647;
			files = (
				525DB7532708396900E745DC /* UIColor+appColors.swift in Sources */,
				52F9673C2708BB6800A25360 /* MovementsTableViewCell.swift in Sources */,
				525DB75627083E4A00E745DC /* HeaderViewNavItem.swift in Sources */,
				525DB76427084DC600E745DC /* AccountCollectionViewCell.swift in Sources */,
				525DB751270836C000E745DC /* UIFont+appFonts.swift in Sources */,
				525DB75D2708438200E745DC /* BoldLabel.swift in Sources */,
				525DB76C2708587100E745DC /* CardOfAccountImageView.swift in Sources */,
				525DB76127084BAF00E745DC /* AccountsTableViewCell.swift in Sources */,
				525DB71127082B3400E745DC /* AppDelegate.swift in Sources */,
				525DB75B2708419800E745DC /* UserInfoTableViewCell.swift in Sources */,
				525DB76A2708575400E745DC /* CardTableViewCell.swift in Sources */,
				52FF52BC27091E8100DF6235 /* FormTextField.swift in Sources */,
				525DB746270834A400E745DC /* AttributeButton.swift in Sources */,
				525DB71327082B3400E745DC /* SceneDelegate.swift in Sources */,
				525DB75F270847D900E745DC /* SectionTitleTableViewCell.swift in Sources */,
				525DB74327082B6800E745DC /* HomeViewController.swift in Sources */,
			);
			runOnlyForDeploymentPostprocessing = 0;
		};
		525DB71F27082B3500E745DC /* Sources */ = {
			isa = PBXSourcesBuildPhase;
			buildActionMask = 2147483647;
			files = (
				525DB72827082B3500E745DC /* test_bankapp_ios_endcomTests.swift in Sources */,
			);
			runOnlyForDeploymentPostprocessing = 0;
		};
		525DB72A27082B3500E745DC /* Sources */ = {
			isa = PBXSourcesBuildPhase;
			buildActionMask = 2147483647;
			files = (
				525DB73327082B3500E745DC /* test_bankapp_ios_endcomUITests.swift in Sources */,
			);
			runOnlyForDeploymentPostprocessing = 0;
		};
/* End PBXSourcesBuildPhase section */

/* Begin PBXTargetDependency section */
		525DB72527082B3500E745DC /* PBXTargetDependency */ = {
			isa = PBXTargetDependency;
			target = 525DB70C27082B3400E745DC /* test-bankapp-ios-endcom */;
			targetProxy = 525DB72427082B3500E745DC /* PBXContainerItemProxy */;
		};
		525DB73027082B3500E745DC /* PBXTargetDependency */ = {
			isa = PBXTargetDependency;
			target = 525DB70C27082B3400E745DC /* test-bankapp-ios-endcom */;
			targetProxy = 525DB72F27082B3500E745DC /* PBXContainerItemProxy */;
		};
/* End PBXTargetDependency section */

/* Begin PBXVariantGroup section */
		525DB71627082B3400E745DC /* Main.storyboard */ = {
			isa = PBXVariantGroup;
			children = (
				525DB71727082B3400E745DC /* Base */,
			);
			name = Main.storyboard;
			sourceTree = "<group>";
		};
		525DB71B27082B3500E745DC /* LaunchScreen.storyboard */ = {
			isa = PBXVariantGroup;
			children = (
				525DB71C27082B3500E745DC /* Base */,
			);
			name = LaunchScreen.storyboard;
			sourceTree = "<group>";
		};
/* End PBXVariantGroup section */

/* Begin XCBuildConfiguration section */
		525DB73527082B3500E745DC /* Debug */ = {
			isa = XCBuildConfiguration;
			buildSettings = {
				ALWAYS_SEARCH_USER_PATHS = NO;
				CLANG_ANALYZER_NONNULL = YES;
				CLANG_ANALYZER_NUMBER_OBJECT_CONVERSION = YES_AGGRESSIVE;
				CLANG_CXX_LANGUAGE_STANDARD = "gnu++14";
				CLANG_CXX_LIBRARY = "libc++";
				CLANG_ENABLE_MODULES = YES;
				CLANG_ENABLE_OBJC_ARC = YES;
				CLANG_ENABLE_OBJC_WEAK = YES;
				CLANG_WARN_BLOCK_CAPTURE_AUTORELEASING = YES;
				CLANG_WARN_BOOL_CONVERSION = YES;
				CLANG_WARN_COMMA = YES;
				CLANG_WARN_CONSTANT_CONVERSION = YES;
				CLANG_WARN_DEPRECATED_OBJC_IMPLEMENTATIONS = YES;
				CLANG_WARN_DIRECT_OBJC_ISA_USAGE = YES_ERROR;
				CLANG_WARN_DOCUMENTATION_COMMENTS = YES;
				CLANG_WARN_EMPTY_BODY = YES;
				CLANG_WARN_ENUM_CONVERSION = YES;
				CLANG_WARN_INFINITE_RECURSION = YES;
				CLANG_WARN_INT_CONVERSION = YES;
				CLANG_WARN_NON_LITERAL_NULL_CONVERSION = YES;
				CLANG_WARN_OBJC_IMPLICIT_RETAIN_SELF = YES;
				CLANG_WARN_OBJC_LITERAL_CONVERSION = YES;
				CLANG_WARN_OBJC_ROOT_CLASS = YES_ERROR;
				CLANG_WARN_QUOTED_INCLUDE_IN_FRAMEWORK_HEADER = YES;
				CLANG_WARN_RANGE_LOOP_ANALYSIS = YES;
				CLANG_WARN_STRICT_PROTOTYPES = YES;
				CLANG_WARN_SUSPICIOUS_MOVE = YES;
				CLANG_WARN_UNGUARDED_AVAILABILITY = YES_AGGRESSIVE;
				CLANG_WARN_UNREACHABLE_CODE = YES;
				CLANG_WARN__DUPLICATE_METHOD_MATCH = YES;
				COPY_PHASE_STRIP = NO;
				DEBUG_INFORMATION_FORMAT = dwarf;
				ENABLE_STRICT_OBJC_MSGSEND = YES;
				ENABLE_TESTABILITY = YES;
				GCC_C_LANGUAGE_STANDARD = gnu11;
				GCC_DYNAMIC_NO_PIC = NO;
				GCC_NO_COMMON_BLOCKS = YES;
				GCC_OPTIMIZATION_LEVEL = 0;
				GCC_PREPROCESSOR_DEFINITIONS = (
					"DEBUG=1",
					"$(inherited)",
				);
				GCC_WARN_64_TO_32_BIT_CONVERSION = YES;
				GCC_WARN_ABOUT_RETURN_TYPE = YES_ERROR;
				GCC_WARN_UNDECLARED_SELECTOR = YES;
				GCC_WARN_UNINITIALIZED_AUTOS = YES_AGGRESSIVE;
				GCC_WARN_UNUSED_FUNCTION = YES;
				GCC_WARN_UNUSED_VARIABLE = YES;
				IPHONEOS_DEPLOYMENT_TARGET = 14.5;
				MTL_ENABLE_DEBUG_INFO = INCLUDE_SOURCE;
				MTL_FAST_MATH = YES;
				ONLY_ACTIVE_ARCH = YES;
				SDKROOT = iphoneos;
				SWIFT_ACTIVE_COMPILATION_CONDITIONS = DEBUG;
				SWIFT_OPTIMIZATION_LEVEL = "-Onone";
			};
			name = Debug;
		};
		525DB73627082B3500E745DC /* Release */ = {
			isa = XCBuildConfiguration;
			buildSettings = {
				ALWAYS_SEARCH_USER_PATHS = NO;
				CLANG_ANALYZER_NONNULL = YES;
				CLANG_ANALYZER_NUMBER_OBJECT_CONVERSION = YES_AGGRESSIVE;
				CLANG_CXX_LANGUAGE_STANDARD = "gnu++14";
				CLANG_CXX_LIBRARY = "libc++";
				CLANG_ENABLE_MODULES = YES;
				CLANG_ENABLE_OBJC_ARC = YES;
				CLANG_ENABLE_OBJC_WEAK = YES;
				CLANG_WARN_BLOCK_CAPTURE_AUTORELEASING = YES;
				CLANG_WARN_BOOL_CONVERSION = YES;
				CLANG_WARN_COMMA = YES;
				CLANG_WARN_CONSTANT_CONVERSION = YES;
				CLANG_WARN_DEPRECATED_OBJC_IMPLEMENTATIONS = YES;
				CLANG_WARN_DIRECT_OBJC_ISA_USAGE = YES_ERROR;
				CLANG_WARN_DOCUMENTATION_COMMENTS = YES;
				CLANG_WARN_EMPTY_BODY = YES;
				CLANG_WARN_ENUM_CONVERSION = YES;
				CLANG_WARN_INFINITE_RECURSION = YES;
				CLANG_WARN_INT_CONVERSION = YES;
				CLANG_WARN_NON_LITERAL_NULL_CONVERSION = YES;
				CLANG_WARN_OBJC_IMPLICIT_RETAIN_SELF = YES;
				CLANG_WARN_OBJC_LITERAL_CONVERSION = YES;
				CLANG_WARN_OBJC_ROOT_CLASS = YES_ERROR;
				CLANG_WARN_QUOTED_INCLUDE_IN_FRAMEWORK_HEADER = YES;
				CLANG_WARN_RANGE_LOOP_ANALYSIS = YES;
				CLANG_WARN_STRICT_PROTOTYPES = YES;
				CLANG_WARN_SUSPICIOUS_MOVE = YES;
				CLANG_WARN_UNGUARDED_AVAILABILITY = YES_AGGRESSIVE;
				CLANG_WARN_UNREACHABLE_CODE = YES;
				CLANG_WARN__DUPLICATE_METHOD_MATCH = YES;
				COPY_PHASE_STRIP = NO;
				DEBUG_INFORMATION_FORMAT = "dwarf-with-dsym";
				ENABLE_NS_ASSERTIONS = NO;
				ENABLE_STRICT_OBJC_MSGSEND = YES;
				GCC_C_LANGUAGE_STANDARD = gnu11;
				GCC_NO_COMMON_BLOCKS = YES;
				GCC_WARN_64_TO_32_BIT_CONVERSION = YES;
				GCC_WARN_ABOUT_RETURN_TYPE = YES_ERROR;
				GCC_WARN_UNDECLARED_SELECTOR = YES;
				GCC_WARN_UNINITIALIZED_AUTOS = YES_AGGRESSIVE;
				GCC_WARN_UNUSED_FUNCTION = YES;
				GCC_WARN_UNUSED_VARIABLE = YES;
				IPHONEOS_DEPLOYMENT_TARGET = 14.5;
				MTL_ENABLE_DEBUG_INFO = NO;
				MTL_FAST_MATH = YES;
				SDKROOT = iphoneos;
				SWIFT_COMPILATION_MODE = wholemodule;
				SWIFT_OPTIMIZATION_LEVEL = "-O";
				VALIDATE_PRODUCT = YES;
			};
			name = Release;
		};
		525DB73827082B3500E745DC /* Debug */ = {
			isa = XCBuildConfiguration;
			buildSettings = {
				ASSETCATALOG_COMPILER_APPICON_NAME = AppIcon;
				ASSETCATALOG_COMPILER_GLOBAL_ACCENT_COLOR_NAME = AccentColor;
				CODE_SIGN_STYLE = Automatic;
				DEVELOPMENT_TEAM = 9S32C658C5;
				INFOPLIST_FILE = "test-bankapp-ios-endcom/Info.plist";
				LD_RUNPATH_SEARCH_PATHS = (
					"$(inherited)",
					"@executable_path/Frameworks",
				);
				PRODUCT_BUNDLE_IDENTIFIER = "com.mitch.test-bankapp-ios-endcom";
				PRODUCT_NAME = "$(TARGET_NAME)";
				SWIFT_VERSION = 5.0;
				TARGETED_DEVICE_FAMILY = "1,2";
			};
			name = Debug;
		};
		525DB73927082B3500E745DC /* Release */ = {
			isa = XCBuildConfiguration;
			buildSettings = {
				ASSETCATALOG_COMPILER_APPICON_NAME = AppIcon;
				ASSETCATALOG_COMPILER_GLOBAL_ACCENT_COLOR_NAME = AccentColor;
				CODE_SIGN_STYLE = Automatic;
				DEVELOPMENT_TEAM = 9S32C658C5;
				INFOPLIST_FILE = "test-bankapp-ios-endcom/Info.plist";
				LD_RUNPATH_SEARCH_PATHS = (
					"$(inherited)",
					"@executable_path/Frameworks",
				);
				PRODUCT_BUNDLE_IDENTIFIER = "com.mitch.test-bankapp-ios-endcom";
				PRODUCT_NAME = "$(TARGET_NAME)";
				SWIFT_VERSION = 5.0;
				TARGETED_DEVICE_FAMILY = "1,2";
			};
			name = Release;
		};
		525DB73B27082B3500E745DC /* Debug */ = {
			isa = XCBuildConfiguration;
			buildSettings = {
				ALWAYS_EMBED_SWIFT_STANDARD_LIBRARIES = YES;
				BUNDLE_LOADER = "$(TEST_HOST)";
				CODE_SIGN_STYLE = Automatic;
				DEVELOPMENT_TEAM = 9S32C658C5;
				INFOPLIST_FILE = "test-bankapp-ios-endcomTests/Info.plist";
				IPHONEOS_DEPLOYMENT_TARGET = 14.5;
				LD_RUNPATH_SEARCH_PATHS = (
					"$(inherited)",
					"@executable_path/Frameworks",
					"@loader_path/Frameworks",
				);
				PRODUCT_BUNDLE_IDENTIFIER = "com.mitch.test-bankapp-ios-endcomTests";
				PRODUCT_NAME = "$(TARGET_NAME)";
				SWIFT_VERSION = 5.0;
				TARGETED_DEVICE_FAMILY = "1,2";
				TEST_HOST = "$(BUILT_PRODUCTS_DIR)/test-bankapp-ios-endcom.app/test-bankapp-ios-endcom";
			};
			name = Debug;
		};
		525DB73C27082B3500E745DC /* Release */ = {
			isa = XCBuildConfiguration;
			buildSettings = {
				ALWAYS_EMBED_SWIFT_STANDARD_LIBRARIES = YES;
				BUNDLE_LOADER = "$(TEST_HOST)";
				CODE_SIGN_STYLE = Automatic;
				DEVELOPMENT_TEAM = 9S32C658C5;
				INFOPLIST_FILE = "test-bankapp-ios-endcomTests/Info.plist";
				IPHONEOS_DEPLOYMENT_TARGET = 14.5;
				LD_RUNPATH_SEARCH_PATHS = (
					"$(inherited)",
					"@executable_path/Frameworks",
					"@loader_path/Frameworks",
				);
				PRODUCT_BUNDLE_IDENTIFIER = "com.mitch.test-bankapp-ios-endcomTests";
				PRODUCT_NAME = "$(TARGET_NAME)";
				SWIFT_VERSION = 5.0;
				TARGETED_DEVICE_FAMILY = "1,2";
				TEST_HOST = "$(BUILT_PRODUCTS_DIR)/test-bankapp-ios-endcom.app/test-bankapp-ios-endcom";
			};
			name = Release;
		};
		525DB73E27082B3500E745DC /* Debug */ = {
			isa = XCBuildConfiguration;
			buildSettings = {
				ALWAYS_EMBED_SWIFT_STANDARD_LIBRARIES = YES;
				CODE_SIGN_STYLE = Automatic;
				DEVELOPMENT_TEAM = 9S32C658C5;
				INFOPLIST_FILE = "test-bankapp-ios-endcomUITests/Info.plist";
				LD_RUNPATH_SEARCH_PATHS = (
					"$(inherited)",
					"@executable_path/Frameworks",
					"@loader_path/Frameworks",
				);
				PRODUCT_BUNDLE_IDENTIFIER = "com.mitch.test-bankapp-ios-endcomUITests";
				PRODUCT_NAME = "$(TARGET_NAME)";
				SWIFT_VERSION = 5.0;
				TARGETED_DEVICE_FAMILY = "1,2";
				TEST_TARGET_NAME = "test-bankapp-ios-endcom";
			};
			name = Debug;
		};
		525DB73F27082B3500E745DC /* Release */ = {
			isa = XCBuildConfiguration;
			buildSettings = {
				ALWAYS_EMBED_SWIFT_STANDARD_LIBRARIES = YES;
				CODE_SIGN_STYLE = Automatic;
				DEVELOPMENT_TEAM = 9S32C658C5;
				INFOPLIST_FILE = "test-bankapp-ios-endcomUITests/Info.plist";
				LD_RUNPATH_SEARCH_PATHS = (
					"$(inherited)",
					"@executable_path/Frameworks",
					"@loader_path/Frameworks",
				);
				PRODUCT_BUNDLE_IDENTIFIER = "com.mitch.test-bankapp-ios-endcomUITests";
				PRODUCT_NAME = "$(TARGET_NAME)";
				SWIFT_VERSION = 5.0;
				TARGETED_DEVICE_FAMILY = "1,2";
				TEST_TARGET_NAME = "test-bankapp-ios-endcom";
			};
			name = Release;
		};
/* End XCBuildConfiguration section */

/* Begin XCConfigurationList section */
		525DB70827082B3400E745DC /* Build configuration list for PBXProject "test-bankapp-ios-endcom" */ = {
			isa = XCConfigurationList;
			buildConfigurations = (
				525DB73527082B3500E745DC /* Debug */,
				525DB73627082B3500E745DC /* Release */,
			);
			defaultConfigurationIsVisible = 0;
			defaultConfigurationName = Release;
		};
		525DB73727082B3500E745DC /* Build configuration list for PBXNativeTarget "test-bankapp-ios-endcom" */ = {
			isa = XCConfigurationList;
			buildConfigurations = (
				525DB73827082B3500E745DC /* Debug */,
				525DB73927082B3500E745DC /* Release */,
			);
			defaultConfigurationIsVisible = 0;
			defaultConfigurationName = Release;
		};
		525DB73A27082B3500E745DC /* Build configuration list for PBXNativeTarget "test-bankapp-ios-endcomTests" */ = {
			isa = XCConfigurationList;
			buildConfigurations = (
				525DB73B27082B3500E745DC /* Debug */,
				525DB73C27082B3500E745DC /* Release */,
			);
			defaultConfigurationIsVisible = 0;
			defaultConfigurationName = Release;
		};
		525DB73D27082B3500E745DC /* Build configuration list for PBXNativeTarget "test-bankapp-ios-endcomUITests" */ = {
			isa = XCConfigurationList;
			buildConfigurations = (
				525DB73E27082B3500E745DC /* Debug */,
				525DB73F27082B3500E745DC /* Release */,
			);
			defaultConfigurationIsVisible = 0;
			defaultConfigurationName = Release;
		};
/* End XCConfigurationList section */
	};
	rootObject = 525DB70527082B3400E745DC /* Project object */;
}
